// !$*UTF8*$!
{
	archiveVersion = 1;
	classes = {
	};
	objectVersion = 55;
	objects = {

/* Begin PBXBuildFile section */
		A81FFC7A28F15D9900B0FC7C /* HalmapApp.swift in Sources */ = {isa = PBXBuildFile; fileRef = A81FFC7928F15D9900B0FC7C /* HalmapApp.swift */; };
		A81FFC7C28F15D9900B0FC7C /* ContentView.swift in Sources */ = {isa = PBXBuildFile; fileRef = A81FFC7B28F15D9900B0FC7C /* ContentView.swift */; };
		A81FFC7E28F15D9C00B0FC7C /* Assets.xcassets in Resources */ = {isa = PBXBuildFile; fileRef = A81FFC7D28F15D9C00B0FC7C /* Assets.xcassets */; };
		A81FFC8128F15D9C00B0FC7C /* Preview Assets.xcassets in Resources */ = {isa = PBXBuildFile; fileRef = A81FFC8028F15D9C00B0FC7C /* Preview Assets.xcassets */; };
		A81FFC8328F15D9C00B0FC7C /* Persistence.swift in Sources */ = {isa = PBXBuildFile; fileRef = A81FFC8228F15D9C00B0FC7C /* Persistence.swift */; };
		A81FFC8628F15D9C00B0FC7C /* Halmap.xcdatamodeld in Sources */ = {isa = PBXBuildFile; fileRef = A81FFC8428F15D9C00B0FC7C /* Halmap.xcdatamodeld */; };
		A81FFC8D28F1770100B0FC7C /* MainView.swift in Sources */ = {isa = PBXBuildFile; fileRef = A81FFC8C28F1770100B0FC7C /* MainView.swift */; };
		A81FFC9128F1775000B0FC7C /* SongSearchView.swift in Sources */ = {isa = PBXBuildFile; fileRef = A81FFC9028F1775000B0FC7C /* SongSearchView.swift */; };
		A81FFC9328F1775C00B0FC7C /* StadiumListSheetView.swift in Sources */ = {isa = PBXBuildFile; fileRef = A81FFC9228F1775C00B0FC7C /* StadiumListSheetView.swift */; };
		A81FFC9528F1776300B0FC7C /* StadiumMapView.swift in Sources */ = {isa = PBXBuildFile; fileRef = A81FFC9428F1776300B0FC7C /* StadiumMapView.swift */; };
		A81FFC9728F1776F00B0FC7C /* SongInformationView.swift in Sources */ = {isa = PBXBuildFile; fileRef = A81FFC9628F1776F00B0FC7C /* SongInformationView.swift */; };
		A81FFC9928F1777B00B0FC7C /* TeamSelectionView.swift in Sources */ = {isa = PBXBuildFile; fileRef = A81FFC9828F1777B00B0FC7C /* TeamSelectionView.swift */; };
		A81FFC9D28F180A000B0FC7C /* SongHeaderView.swift in Sources */ = {isa = PBXBuildFile; fileRef = A81FFC9C28F180A000B0FC7C /* SongHeaderView.swift */; };
		A81FFC9F28F180B200B0FC7C /* SongContentView.swift in Sources */ = {isa = PBXBuildFile; fileRef = A81FFC9E28F180B200B0FC7C /* SongContentView.swift */; };
		A81FFCA528F1B84000B0FC7C /* Halmap+Font.swift in Sources */ = {isa = PBXBuildFile; fileRef = A81FFCA428F1B84000B0FC7C /* Halmap+Font.swift */; };
		A81FFCA728F1B84A00B0FC7C /* Halmap+Color.swift in Sources */ = {isa = PBXBuildFile; fileRef = A81FFCA628F1B84A00B0FC7C /* Halmap+Color.swift */; };
		B2699E0D28F1CB7E00267A4F /* Pretendard-Bold.otf in Resources */ = {isa = PBXBuildFile; fileRef = B2699E0C28F1CB7E00267A4F /* Pretendard-Bold.otf */; };
		B2699E1028F1CB9700267A4F /* Pretendard-Medium.otf in Resources */ = {isa = PBXBuildFile; fileRef = B2699E0F28F1CB9700267A4F /* Pretendard-Medium.otf */; };
/* End PBXBuildFile section */

/* Begin PBXFileReference section */
		A81FFC7628F15D9900B0FC7C /* Halmap.app */ = {isa = PBXFileReference; explicitFileType = wrapper.application; includeInIndex = 0; path = Halmap.app; sourceTree = BUILT_PRODUCTS_DIR; };
		A81FFC7928F15D9900B0FC7C /* HalmapApp.swift */ = {isa = PBXFileReference; lastKnownFileType = sourcecode.swift; path = HalmapApp.swift; sourceTree = "<group>"; };
		A81FFC7B28F15D9900B0FC7C /* ContentView.swift */ = {isa = PBXFileReference; lastKnownFileType = sourcecode.swift; path = ContentView.swift; sourceTree = "<group>"; };
		A81FFC7D28F15D9C00B0FC7C /* Assets.xcassets */ = {isa = PBXFileReference; lastKnownFileType = folder.assetcatalog; path = Assets.xcassets; sourceTree = "<group>"; };
		A81FFC8028F15D9C00B0FC7C /* Preview Assets.xcassets */ = {isa = PBXFileReference; lastKnownFileType = folder.assetcatalog; path = "Preview Assets.xcassets"; sourceTree = "<group>"; };
		A81FFC8228F15D9C00B0FC7C /* Persistence.swift */ = {isa = PBXFileReference; lastKnownFileType = sourcecode.swift; path = Persistence.swift; sourceTree = "<group>"; };
		A81FFC8528F15D9C00B0FC7C /* Halmap.xcdatamodel */ = {isa = PBXFileReference; lastKnownFileType = wrapper.xcdatamodel; path = Halmap.xcdatamodel; sourceTree = "<group>"; };
		A81FFC8C28F1770100B0FC7C /* MainView.swift */ = {isa = PBXFileReference; lastKnownFileType = sourcecode.swift; path = MainView.swift; sourceTree = "<group>"; };
		A81FFC9028F1775000B0FC7C /* SongSearchView.swift */ = {isa = PBXFileReference; lastKnownFileType = sourcecode.swift; path = SongSearchView.swift; sourceTree = "<group>"; };
		A81FFC9228F1775C00B0FC7C /* StadiumListSheetView.swift */ = {isa = PBXFileReference; lastKnownFileType = sourcecode.swift; path = StadiumListSheetView.swift; sourceTree = "<group>"; };
		A81FFC9428F1776300B0FC7C /* StadiumMapView.swift */ = {isa = PBXFileReference; lastKnownFileType = sourcecode.swift; path = StadiumMapView.swift; sourceTree = "<group>"; };
		A81FFC9628F1776F00B0FC7C /* SongInformationView.swift */ = {isa = PBXFileReference; lastKnownFileType = sourcecode.swift; path = SongInformationView.swift; sourceTree = "<group>"; };
		A81FFC9828F1777B00B0FC7C /* TeamSelectionView.swift */ = {isa = PBXFileReference; lastKnownFileType = sourcecode.swift; path = TeamSelectionView.swift; sourceTree = "<group>"; };
		A81FFC9C28F180A000B0FC7C /* SongHeaderView.swift */ = {isa = PBXFileReference; lastKnownFileType = sourcecode.swift; path = SongHeaderView.swift; sourceTree = "<group>"; };
		A81FFC9E28F180B200B0FC7C /* SongContentView.swift */ = {isa = PBXFileReference; lastKnownFileType = sourcecode.swift; path = SongContentView.swift; sourceTree = "<group>"; };
		A81FFCA428F1B84000B0FC7C /* Halmap+Font.swift */ = {isa = PBXFileReference; lastKnownFileType = sourcecode.swift; path = "Halmap+Font.swift"; sourceTree = "<group>"; };
		A81FFCA628F1B84A00B0FC7C /* Halmap+Color.swift */ = {isa = PBXFileReference; lastKnownFileType = sourcecode.swift; path = "Halmap+Color.swift"; sourceTree = "<group>"; };
		B2699E0B28F1CB5100267A4F /* Info.plist */ = {isa = PBXFileReference; lastKnownFileType = text.plist; path = Info.plist; sourceTree = "<group>"; };
		B2699E0C28F1CB7E00267A4F /* Pretendard-Bold.otf */ = {isa = PBXFileReference; lastKnownFileType = file; path = "Pretendard-Bold.otf"; sourceTree = "<group>"; };
		B2699E0F28F1CB9700267A4F /* Pretendard-Medium.otf */ = {isa = PBXFileReference; lastKnownFileType = file; path = "Pretendard-Medium.otf"; sourceTree = "<group>"; };
/* End PBXFileReference section */

/* Begin PBXFrameworksBuildPhase section */
		A81FFC7328F15D9900B0FC7C /* Frameworks */ = {
			isa = PBXFrameworksBuildPhase;
			buildActionMask = 2147483647;
			files = (
			);
			runOnlyForDeploymentPostprocessing = 0;
		};
/* End PBXFrameworksBuildPhase section */

/* Begin PBXGroup section */
		A81FFC6D28F15D9900B0FC7C = {
			isa = PBXGroup;
			children = (
				B2699E0E28F1CB8800267A4F /* Font */,
				A81FFC7828F15D9900B0FC7C /* Halmap */,
				A81FFC7728F15D9900B0FC7C /* Products */,
			);
			sourceTree = "<group>";
		};
		A81FFC7728F15D9900B0FC7C /* Products */ = {
			isa = PBXGroup;
			children = (
				A81FFC7628F15D9900B0FC7C /* Halmap.app */,
			);
			name = Products;
			sourceTree = "<group>";
		};
		A81FFC7828F15D9900B0FC7C /* Halmap */ = {
			isa = PBXGroup;
			children = (
				B2699E0B28F1CB5100267A4F /* Info.plist */,
				A81FFCA128F1B64700B0FC7C /* Resources */,
				A81FFCA028F1B2E300B0FC7C /* Extensions */,
				A81FFC7928F15D9900B0FC7C /* HalmapApp.swift */,
				A81FFC7B28F15D9900B0FC7C /* ContentView.swift */,
				A81FFC8E28F1770500B0FC7C /* View */,
				A81FFC7D28F15D9C00B0FC7C /* Assets.xcassets */,
				A81FFC8228F15D9C00B0FC7C /* Persistence.swift */,
				A81FFC8428F15D9C00B0FC7C /* Halmap.xcdatamodeld */,
				A81FFC7F28F15D9C00B0FC7C /* Preview Content */,
			);
			path = Halmap;
			sourceTree = "<group>";
		};
		A81FFC7F28F15D9C00B0FC7C /* Preview Content */ = {
			isa = PBXGroup;
			children = (
				A81FFC8028F15D9C00B0FC7C /* Preview Assets.xcassets */,
			);
			path = "Preview Content";
			sourceTree = "<group>";
		};
		A81FFC8E28F1770500B0FC7C /* View */ = {
			isa = PBXGroup;
			children = (
				A81FFC9B28F1808700B0FC7C /* SongInformation */,
				A81FFC8C28F1770100B0FC7C /* MainView.swift */,
				A81FFC9028F1775000B0FC7C /* SongSearchView.swift */,
				A81FFC9828F1777B00B0FC7C /* TeamSelectionView.swift */,
				A81FFC9A28F1778200B0FC7C /* Map */,
			);
			path = View;
			sourceTree = "<group>";
		};
		A81FFC9A28F1778200B0FC7C /* Map */ = {
			isa = PBXGroup;
			children = (
				A81FFC9228F1775C00B0FC7C /* StadiumListSheetView.swift */,
				A81FFC9428F1776300B0FC7C /* StadiumMapView.swift */,
			);
			path = Map;
			sourceTree = "<group>";
		};
		A81FFC9B28F1808700B0FC7C /* SongInformation */ = {
			isa = PBXGroup;
			children = (
				A81FFC9628F1776F00B0FC7C /* SongInformationView.swift */,
				A81FFC9C28F180A000B0FC7C /* SongHeaderView.swift */,
				A81FFC9E28F180B200B0FC7C /* SongContentView.swift */,
			);
			path = SongInformation;
			sourceTree = "<group>";
		};
		A81FFCA028F1B2E300B0FC7C /* Extensions */ = {
			isa = PBXGroup;
			children = (
				A81FFCA428F1B84000B0FC7C /* Halmap+Font.swift */,
				A81FFCA628F1B84A00B0FC7C /* Halmap+Color.swift */,
			);
			path = Extensions;
			sourceTree = "<group>";
		};
		A81FFCA128F1B64700B0FC7C /* Resources */ = {
			isa = PBXGroup;
			children = (
			);
			path = Resources;
			sourceTree = "<group>";
		};
		B2699E0E28F1CB8800267A4F /* Font */ = {
			isa = PBXGroup;
			children = (
				B2699E0C28F1CB7E00267A4F /* Pretendard-Bold.otf */,
				B2699E0F28F1CB9700267A4F /* Pretendard-Medium.otf */,
			);
			path = Font;
			sourceTree = "<group>";
		};
/* End PBXGroup section */

/* Begin PBXNativeTarget section */
		A81FFC7528F15D9900B0FC7C /* Halmap */ = {
			isa = PBXNativeTarget;
			buildConfigurationList = A81FFC8928F15D9C00B0FC7C /* Build configuration list for PBXNativeTarget "Halmap" */;
			buildPhases = (
				A81FFC7228F15D9900B0FC7C /* Sources */,
				A81FFC7328F15D9900B0FC7C /* Frameworks */,
				A81FFC7428F15D9900B0FC7C /* Resources */,
			);
			buildRules = (
			);
			dependencies = (
			);
			name = Halmap;
			productName = Halmap;
			productReference = A81FFC7628F15D9900B0FC7C /* Halmap.app */;
			productType = "com.apple.product-type.application";
		};
/* End PBXNativeTarget section */

/* Begin PBXProject section */
		A81FFC6E28F15D9900B0FC7C /* Project object */ = {
			isa = PBXProject;
			attributes = {
				BuildIndependentTargetsInParallel = 1;
				LastSwiftUpdateCheck = 1340;
				LastUpgradeCheck = 1340;
				TargetAttributes = {
					A81FFC7528F15D9900B0FC7C = {
						CreatedOnToolsVersion = 13.4.1;
					};
				};
			};
			buildConfigurationList = A81FFC7128F15D9900B0FC7C /* Build configuration list for PBXProject "Halmap" */;
			compatibilityVersion = "Xcode 13.0";
			developmentRegion = en;
			hasScannedForEncodings = 0;
			knownRegions = (
				en,
				Base,
			);
			mainGroup = A81FFC6D28F15D9900B0FC7C;
			productRefGroup = A81FFC7728F15D9900B0FC7C /* Products */;
			projectDirPath = "";
			projectRoot = "";
			targets = (
				A81FFC7528F15D9900B0FC7C /* Halmap */,
			);
		};
/* End PBXProject section */

/* Begin PBXResourcesBuildPhase section */
		A81FFC7428F15D9900B0FC7C /* Resources */ = {
			isa = PBXResourcesBuildPhase;
			buildActionMask = 2147483647;
			files = (
				A81FFC8128F15D9C00B0FC7C /* Preview Assets.xcassets in Resources */,
				B2699E0D28F1CB7E00267A4F /* Pretendard-Bold.otf in Resources */,
				A81FFC7E28F15D9C00B0FC7C /* Assets.xcassets in Resources */,
				B2699E1028F1CB9700267A4F /* Pretendard-Medium.otf in Resources */,
			);
			runOnlyForDeploymentPostprocessing = 0;
		};
/* End PBXResourcesBuildPhase section */

/* Begin PBXSourcesBuildPhase section */
		A81FFC7228F15D9900B0FC7C /* Sources */ = {
			isa = PBXSourcesBuildPhase;
			buildActionMask = 2147483647;
			files = (
				A81FFC8328F15D9C00B0FC7C /* Persistence.swift in Sources */,
				A81FFC9328F1775C00B0FC7C /* StadiumListSheetView.swift in Sources */,
				A81FFCA528F1B84000B0FC7C /* Halmap+Font.swift in Sources */,
				A81FFC7C28F15D9900B0FC7C /* ContentView.swift in Sources */,
				A81FFC9D28F180A000B0FC7C /* SongHeaderView.swift in Sources */,
				A81FFC8628F15D9C00B0FC7C /* Halmap.xcdatamodeld in Sources */,
				A81FFC9928F1777B00B0FC7C /* TeamSelectionView.swift in Sources */,
				A81FFC9128F1775000B0FC7C /* SongSearchView.swift in Sources */,
				A81FFCA728F1B84A00B0FC7C /* Halmap+Color.swift in Sources */,
				A81FFC8D28F1770100B0FC7C /* MainView.swift in Sources */,
				A81FFC7A28F15D9900B0FC7C /* HalmapApp.swift in Sources */,
				A81FFC9F28F180B200B0FC7C /* SongContentView.swift in Sources */,
				A81FFC9728F1776F00B0FC7C /* SongInformationView.swift in Sources */,
				A81FFC9528F1776300B0FC7C /* StadiumMapView.swift in Sources */,
			);
			runOnlyForDeploymentPostprocessing = 0;
		};
/* End PBXSourcesBuildPhase section */

/* Begin XCBuildConfiguration section */
		A81FFC8728F15D9C00B0FC7C /* Debug */ = {
			isa = XCBuildConfiguration;
			buildSettings = {
				ALWAYS_SEARCH_USER_PATHS = NO;
				CLANG_ANALYZER_NONNULL = YES;
				CLANG_ANALYZER_NUMBER_OBJECT_CONVERSION = YES_AGGRESSIVE;
				CLANG_CXX_LANGUAGE_STANDARD = "gnu++17";
				CLANG_ENABLE_MODULES = YES;
				CLANG_ENABLE_OBJC_ARC = YES;
				CLANG_ENABLE_OBJC_WEAK = YES;
				CLANG_WARN_BLOCK_CAPTURE_AUTORELEASING = YES;
				CLANG_WARN_BOOL_CONVERSION = YES;
				CLANG_WARN_COMMA = YES;
				CLANG_WARN_CONSTANT_CONVERSION = YES;
				CLANG_WARN_DEPRECATED_OBJC_IMPLEMENTATIONS = YES;
				CLANG_WARN_DIRECT_OBJC_ISA_USAGE = YES_ERROR;
				CLANG_WARN_DOCUMENTATION_COMMENTS = YES;
				CLANG_WARN_EMPTY_BODY = YES;
				CLANG_WARN_ENUM_CONVERSION = YES;
				CLANG_WARN_INFINITE_RECURSION = YES;
				CLANG_WARN_INT_CONVERSION = YES;
				CLANG_WARN_NON_LITERAL_NULL_CONVERSION = YES;
				CLANG_WARN_OBJC_IMPLICIT_RETAIN_SELF = YES;
				CLANG_WARN_OBJC_LITERAL_CONVERSION = YES;
				CLANG_WARN_OBJC_ROOT_CLASS = YES_ERROR;
				CLANG_WARN_QUOTED_INCLUDE_IN_FRAMEWORK_HEADER = YES;
				CLANG_WARN_RANGE_LOOP_ANALYSIS = YES;
				CLANG_WARN_STRICT_PROTOTYPES = YES;
				CLANG_WARN_SUSPICIOUS_MOVE = YES;
				CLANG_WARN_UNGUARDED_AVAILABILITY = YES_AGGRESSIVE;
				CLANG_WARN_UNREACHABLE_CODE = YES;
				CLANG_WARN__DUPLICATE_METHOD_MATCH = YES;
				COPY_PHASE_STRIP = NO;
				DEBUG_INFORMATION_FORMAT = dwarf;
				ENABLE_STRICT_OBJC_MSGSEND = YES;
				ENABLE_TESTABILITY = YES;
				GCC_C_LANGUAGE_STANDARD = gnu11;
				GCC_DYNAMIC_NO_PIC = NO;
				GCC_NO_COMMON_BLOCKS = YES;
				GCC_OPTIMIZATION_LEVEL = 0;
				GCC_PREPROCESSOR_DEFINITIONS = (
					"DEBUG=1",
					"$(inherited)",
				);
				GCC_WARN_64_TO_32_BIT_CONVERSION = YES;
				GCC_WARN_ABOUT_RETURN_TYPE = YES_ERROR;
				GCC_WARN_UNDECLARED_SELECTOR = YES;
				GCC_WARN_UNINITIALIZED_AUTOS = YES_AGGRESSIVE;
				GCC_WARN_UNUSED_FUNCTION = YES;
				GCC_WARN_UNUSED_VARIABLE = YES;
				IPHONEOS_DEPLOYMENT_TARGET = 15.5;
				MTL_ENABLE_DEBUG_INFO = INCLUDE_SOURCE;
				MTL_FAST_MATH = YES;
				ONLY_ACTIVE_ARCH = YES;
				SDKROOT = iphoneos;
				SWIFT_ACTIVE_COMPILATION_CONDITIONS = DEBUG;
				SWIFT_OPTIMIZATION_LEVEL = "-Onone";
			};
			name = Debug;
		};
		A81FFC8828F15D9C00B0FC7C /* Release */ = {
			isa = XCBuildConfiguration;
			buildSettings = {
				ALWAYS_SEARCH_USER_PATHS = NO;
				CLANG_ANALYZER_NONNULL = YES;
				CLANG_ANALYZER_NUMBER_OBJECT_CONVERSION = YES_AGGRESSIVE;
				CLANG_CXX_LANGUAGE_STANDARD = "gnu++17";
				CLANG_ENABLE_MODULES = YES;
				CLANG_ENABLE_OBJC_ARC = YES;
				CLANG_ENABLE_OBJC_WEAK = YES;
				CLANG_WARN_BLOCK_CAPTURE_AUTORELEASING = YES;
				CLANG_WARN_BOOL_CONVERSION = YES;
				CLANG_WARN_COMMA = YES;
				CLANG_WARN_CONSTANT_CONVERSION = YES;
				CLANG_WARN_DEPRECATED_OBJC_IMPLEMENTATIONS = YES;
				CLANG_WARN_DIRECT_OBJC_ISA_USAGE = YES_ERROR;
				CLANG_WARN_DOCUMENTATION_COMMENTS = YES;
				CLANG_WARN_EMPTY_BODY = YES;
				CLANG_WARN_ENUM_CONVERSION = YES;
				CLANG_WARN_INFINITE_RECURSION = YES;
				CLANG_WARN_INT_CONVERSION = YES;
				CLANG_WARN_NON_LITERAL_NULL_CONVERSION = YES;
				CLANG_WARN_OBJC_IMPLICIT_RETAIN_SELF = YES;
				CLANG_WARN_OBJC_LITERAL_CONVERSION = YES;
				CLANG_WARN_OBJC_ROOT_CLASS = YES_ERROR;
				CLANG_WARN_QUOTED_INCLUDE_IN_FRAMEWORK_HEADER = YES;
				CLANG_WARN_RANGE_LOOP_ANALYSIS = YES;
				CLANG_WARN_STRICT_PROTOTYPES = YES;
				CLANG_WARN_SUSPICIOUS_MOVE = YES;
				CLANG_WARN_UNGUARDED_AVAILABILITY = YES_AGGRESSIVE;
				CLANG_WARN_UNREACHABLE_CODE = YES;
				CLANG_WARN__DUPLICATE_METHOD_MATCH = YES;
				COPY_PHASE_STRIP = NO;
				DEBUG_INFORMATION_FORMAT = "dwarf-with-dsym";
				ENABLE_NS_ASSERTIONS = NO;
				ENABLE_STRICT_OBJC_MSGSEND = YES;
				GCC_C_LANGUAGE_STANDARD = gnu11;
				GCC_NO_COMMON_BLOCKS = YES;
				GCC_WARN_64_TO_32_BIT_CONVERSION = YES;
				GCC_WARN_ABOUT_RETURN_TYPE = YES_ERROR;
				GCC_WARN_UNDECLARED_SELECTOR = YES;
				GCC_WARN_UNINITIALIZED_AUTOS = YES_AGGRESSIVE;
				GCC_WARN_UNUSED_FUNCTION = YES;
				GCC_WARN_UNUSED_VARIABLE = YES;
				IPHONEOS_DEPLOYMENT_TARGET = 15.5;
				MTL_ENABLE_DEBUG_INFO = NO;
				MTL_FAST_MATH = YES;
				SDKROOT = iphoneos;
				SWIFT_COMPILATION_MODE = wholemodule;
				SWIFT_OPTIMIZATION_LEVEL = "-O";
				VALIDATE_PRODUCT = YES;
			};
			name = Release;
		};
		A81FFC8A28F15D9C00B0FC7C /* Debug */ = {
			isa = XCBuildConfiguration;
			buildSettings = {
				ASSETCATALOG_COMPILER_APPICON_NAME = AppIcon;
				ASSETCATALOG_COMPILER_GLOBAL_ACCENT_COLOR_NAME = AccentColor;
				CODE_SIGN_STYLE = Automatic;
				CURRENT_PROJECT_VERSION = 1;
				DEVELOPMENT_ASSET_PATHS = "\"Halmap/Preview Content\"";
				DEVELOPMENT_TEAM = 22A6RK2943;
				ENABLE_PREVIEWS = YES;
				GENERATE_INFOPLIST_FILE = YES;
				INFOPLIST_FILE = Halmap/Info.plist;
				INFOPLIST_KEY_UIApplicationSceneManifest_Generation = YES;
				INFOPLIST_KEY_UIApplicationSupportsIndirectInputEvents = YES;
				INFOPLIST_KEY_UILaunchScreen_Generation = YES;
				INFOPLIST_KEY_UISupportedInterfaceOrientations_iPad = "UIInterfaceOrientationPortrait UIInterfaceOrientationPortraitUpsideDown UIInterfaceOrientationLandscapeLeft UIInterfaceOrientationLandscapeRight";
				INFOPLIST_KEY_UISupportedInterfaceOrientations_iPhone = "UIInterfaceOrientationPortrait UIInterfaceOrientationLandscapeLeft UIInterfaceOrientationLandscapeRight";
				LD_RUNPATH_SEARCH_PATHS = (
					"$(inherited)",
					"@executable_path/Frameworks",
				);
				MARKETING_VERSION = 1.0;
				PRODUCT_BUNDLE_IDENTIFIER = com.gwamegis.Halmap;
				PRODUCT_NAME = "$(TARGET_NAME)";
				SWIFT_EMIT_LOC_STRINGS = YES;
				SWIFT_VERSION = 5.0;
				TARGETED_DEVICE_FAMILY = "1,2";
			};
			name = Debug;
		};
		A81FFC8B28F15D9C00B0FC7C /* Release */ = {
			isa = XCBuildConfiguration;
			buildSettings = {
				ASSETCATALOG_COMPILER_APPICON_NAME = AppIcon;
				ASSETCATALOG_COMPILER_GLOBAL_ACCENT_COLOR_NAME = AccentColor;
				CODE_SIGN_STYLE = Automatic;
				CURRENT_PROJECT_VERSION = 1;
				DEVELOPMENT_ASSET_PATHS = "\"Halmap/Preview Content\"";
				DEVELOPMENT_TEAM = 22A6RK2943;
				ENABLE_PREVIEWS = YES;
				GENERATE_INFOPLIST_FILE = YES;
				INFOPLIST_FILE = Halmap/Info.plist;
				INFOPLIST_KEY_UIApplicationSceneManifest_Generation = YES;
				INFOPLIST_KEY_UIApplicationSupportsIndirectInputEvents = YES;
				INFOPLIST_KEY_UILaunchScreen_Generation = YES;
				INFOPLIST_KEY_UISupportedInterfaceOrientations_iPad = "UIInterfaceOrientationPortrait UIInterfaceOrientationPortraitUpsideDown UIInterfaceOrientationLandscapeLeft UIInterfaceOrientationLandscapeRight";
				INFOPLIST_KEY_UISupportedInterfaceOrientations_iPhone = "UIInterfaceOrientationPortrait UIInterfaceOrientationLandscapeLeft UIInterfaceOrientationLandscapeRight";
				LD_RUNPATH_SEARCH_PATHS = (
					"$(inherited)",
					"@executable_path/Frameworks",
				);
				MARKETING_VERSION = 1.0;
				PRODUCT_BUNDLE_IDENTIFIER = com.gwamegis.Halmap;
				PRODUCT_NAME = "$(TARGET_NAME)";
				SWIFT_EMIT_LOC_STRINGS = YES;
				SWIFT_VERSION = 5.0;
				TARGETED_DEVICE_FAMILY = "1,2";
			};
			name = Release;
		};
/* End XCBuildConfiguration section */

/* Begin XCConfigurationList section */
		A81FFC7128F15D9900B0FC7C /* Build configuration list for PBXProject "Halmap" */ = {
			isa = XCConfigurationList;
			buildConfigurations = (
				A81FFC8728F15D9C00B0FC7C /* Debug */,
				A81FFC8828F15D9C00B0FC7C /* Release */,
			);
			defaultConfigurationIsVisible = 0;
			defaultConfigurationName = Release;
		};
		A81FFC8928F15D9C00B0FC7C /* Build configuration list for PBXNativeTarget "Halmap" */ = {
			isa = XCConfigurationList;
			buildConfigurations = (
				A81FFC8A28F15D9C00B0FC7C /* Debug */,
				A81FFC8B28F15D9C00B0FC7C /* Release */,
			);
			defaultConfigurationIsVisible = 0;
			defaultConfigurationName = Release;
		};
/* End XCConfigurationList section */

/* Begin XCVersionGroup section */
		A81FFC8428F15D9C00B0FC7C /* Halmap.xcdatamodeld */ = {
			isa = XCVersionGroup;
			children = (
				A81FFC8528F15D9C00B0FC7C /* Halmap.xcdatamodel */,
			);
			currentVersion = A81FFC8528F15D9C00B0FC7C /* Halmap.xcdatamodel */;
			path = Halmap.xcdatamodeld;
			sourceTree = "<group>";
			versionGroupType = wrapper.xcdatamodel;
		};
/* End XCVersionGroup section */
	};
	rootObject = A81FFC6E28F15D9900B0FC7C /* Project object */;
}
