// !$*UTF8*$!
{
	archiveVersion = 1;
	classes = {
	};
	objectVersion = 55;
	objects = {

/* Begin PBXBuildFile section */
		200B06EF2A0897770011D18E /* MinimizableView in Frameworks */ = {isa = PBXBuildFile; productRef = 200B06EE2A0897770011D18E /* MinimizableView */; };
		20317FB228F2CCBB00A30E09 /* TeamChangingView.swift in Sources */ = {isa = PBXBuildFile; fileRef = 20317FB128F2CCBB00A30E09 /* TeamChangingView.swift */; };
		203CAF022916762B00E838A1 /* FirebaseFirestore in Frameworks */ = {isa = PBXBuildFile; productRef = 203CAF012916762B00E838A1 /* FirebaseFirestore */; };
		203CAF042916762B00E838A1 /* FirebaseFirestoreSwift in Frameworks */ = {isa = PBXBuildFile; productRef = 203CAF032916762B00E838A1 /* FirebaseFirestoreSwift */; };
		203CAF062916762B00E838A1 /* FirebaseStorage in Frameworks */ = {isa = PBXBuildFile; productRef = 203CAF052916762B00E838A1 /* FirebaseStorage */; };
		20A23DC62A3A8AD6003C036C /* MiniPlayerView.swift in Sources */ = {isa = PBXBuildFile; fileRef = 20A23DC52A3A8AD6003C036C /* MiniPlayerView.swift */; };
		87F6ECF1291677AC004533C4 /* Halmap+UIApplication.swift in Sources */ = {isa = PBXBuildFile; fileRef = 87F6ECF0291677AC004533C4 /* Halmap+UIApplication.swift */; };
		87F6ECF52916B331004533C4 /* Halmap+UINavigationController.swift in Sources */ = {isa = PBXBuildFile; fileRef = 87F6ECF42916B331004533C4 /* Halmap+UINavigationController.swift */; };
		87F6ECF72916BB44004533C4 /* Halmap+UIView.swift in Sources */ = {isa = PBXBuildFile; fileRef = 87F6ECF62916BB44004533C4 /* Halmap+UIView.swift */; };
		A81FFC7A28F15D9900B0FC7C /* HalmapApp.swift in Sources */ = {isa = PBXBuildFile; fileRef = A81FFC7928F15D9900B0FC7C /* HalmapApp.swift */; };
		A81FFC7C28F15D9900B0FC7C /* ContentView.swift in Sources */ = {isa = PBXBuildFile; fileRef = A81FFC7B28F15D9900B0FC7C /* ContentView.swift */; };
		A81FFC7E28F15D9C00B0FC7C /* Assets.xcassets in Resources */ = {isa = PBXBuildFile; fileRef = A81FFC7D28F15D9C00B0FC7C /* Assets.xcassets */; };
		A81FFC8128F15D9C00B0FC7C /* Preview Assets.xcassets in Resources */ = {isa = PBXBuildFile; fileRef = A81FFC8028F15D9C00B0FC7C /* Preview Assets.xcassets */; };
		A81FFC8328F15D9C00B0FC7C /* Persistence.swift in Sources */ = {isa = PBXBuildFile; fileRef = A81FFC8228F15D9C00B0FC7C /* Persistence.swift */; };
		A81FFC8628F15D9C00B0FC7C /* Halmap.xcdatamodeld in Sources */ = {isa = PBXBuildFile; fileRef = A81FFC8428F15D9C00B0FC7C /* Halmap.xcdatamodeld */; };
		A81FFC9128F1775000B0FC7C /* SongSearchView.swift in Sources */ = {isa = PBXBuildFile; fileRef = A81FFC9028F1775000B0FC7C /* SongSearchView.swift */; };
		A81FFC9328F1775C00B0FC7C /* StadiumListSheetView.swift in Sources */ = {isa = PBXBuildFile; fileRef = A81FFC9228F1775C00B0FC7C /* StadiumListSheetView.swift */; };
		A81FFC9528F1776300B0FC7C /* StadiumMapView.swift in Sources */ = {isa = PBXBuildFile; fileRef = A81FFC9428F1776300B0FC7C /* StadiumMapView.swift */; };
		A81FFC9928F1777B00B0FC7C /* TeamSelectionView.swift in Sources */ = {isa = PBXBuildFile; fileRef = A81FFC9828F1777B00B0FC7C /* TeamSelectionView.swift */; };
		A81FFC9D28F180A000B0FC7C /* SongPlayerView.swift in Sources */ = {isa = PBXBuildFile; fileRef = A81FFC9C28F180A000B0FC7C /* SongPlayerView.swift */; };
		A81FFC9F28F180B200B0FC7C /* SongContentView.swift in Sources */ = {isa = PBXBuildFile; fileRef = A81FFC9E28F180B200B0FC7C /* SongContentView.swift */; };
		A81FFCA528F1B84000B0FC7C /* Halmap+Font.swift in Sources */ = {isa = PBXBuildFile; fileRef = A81FFCA428F1B84000B0FC7C /* Halmap+Font.swift */; };
		A81FFCA728F1B84A00B0FC7C /* Halmap+Color.swift in Sources */ = {isa = PBXBuildFile; fileRef = A81FFCA628F1B84A00B0FC7C /* Halmap+Color.swift */; };
		A852F0282A46EDDA00078B47 /* GoogleService-Info.plist in Resources */ = {isa = PBXBuildFile; fileRef = A852F0272A46EDDA00078B47 /* GoogleService-Info.plist */; };
		A8A8260D2A4CE2D400F470DF /* PlayListRow.swift in Sources */ = {isa = PBXBuildFile; fileRef = A8A8260C2A4CE2D400F470DF /* PlayListRow.swift */; };
		A8A8260F2A4CE37200F470DF /* PlayListView.swift in Sources */ = {isa = PBXBuildFile; fileRef = A8A8260E2A4CE37200F470DF /* PlayListView.swift */; };
		A8D1E92229169DAD00BF242C /* test-song.m4a in Resources */ = {isa = PBXBuildFile; fileRef = A8D1E92129169DAD00BF242C /* test-song.m4a */; };
		A8F8BA9929C8CE5B00FCB229 /* AudioManager.swift in Sources */ = {isa = PBXBuildFile; fileRef = A8F8BA9829C8CE5B00FCB229 /* AudioManager.swift */; };
		B2699E0D28F1CB7E00267A4F /* Pretendard-Bold.otf in Resources */ = {isa = PBXBuildFile; fileRef = B2699E0C28F1CB7E00267A4F /* Pretendard-Bold.otf */; };
		B2699E1028F1CB9700267A4F /* Pretendard-Medium.otf in Resources */ = {isa = PBXBuildFile; fileRef = B2699E0F28F1CB9700267A4F /* Pretendard-Medium.otf */; };
		EEBC26A028F1CAE900BD5B3D /* TabBarItemView.swift in Sources */ = {isa = PBXBuildFile; fileRef = EEBC269E28F1CAE800BD5B3D /* TabBarItemView.swift */; };
		EEBC26A128F1CAE900BD5B3D /* TabBarView.swift in Sources */ = {isa = PBXBuildFile; fileRef = EEBC269F28F1CAE800BD5B3D /* TabBarView.swift */; };
		F9174B2A2A2B2F5F00B1CE87 /* SeasonSong.swift in Sources */ = {isa = PBXBuildFile; fileRef = F9174B292A2B2F5F00B1CE87 /* SeasonSong.swift */; };
		F91BE5FB29B18AF800F7E488 /* MainTabView.swift in Sources */ = {isa = PBXBuildFile; fileRef = F91BE5FA29B18AF800F7E488 /* MainTabView.swift */; };
		F91BE5FD29B18D1E00F7E488 /* MainSongListTabView.swift in Sources */ = {isa = PBXBuildFile; fileRef = F91BE5FC29B18D1E00F7E488 /* MainSongListTabView.swift */; };
		F939EBBA29D58FB2005ED8CA /* StorageContentView.swift in Sources */ = {isa = PBXBuildFile; fileRef = F939EBB929D58FB2005ED8CA /* StorageContentView.swift */; };
		F939EBBC29D5920F005ED8CA /* OffsetModifier.swift in Sources */ = {isa = PBXBuildFile; fileRef = F939EBBB29D5920F005ED8CA /* OffsetModifier.swift */; };
		F949284F28F2AFB800901F27 /* Music.json in Resources */ = {isa = PBXBuildFile; fileRef = F949284E28F2AFB800901F27 /* Music.json */; };
		F95CE98B2917A8EF00FFE213 /* Settings.bundle in Resources */ = {isa = PBXBuildFile; fileRef = F95CE98A2917A8EF00FFE213 /* Settings.bundle */; };
		F95EF67C2A40695C00C6C3E7 /* HalfModalPresentationController.swift in Sources */ = {isa = PBXBuildFile; fileRef = F95EF67B2A40695C00C6C3E7 /* HalfModalPresentationController.swift */; };
		F98F622929B4C9BD0025F50E /* Themes.swift in Sources */ = {isa = PBXBuildFile; fileRef = F98F622829B4C9BD0025F50E /* Themes.swift */; };
		F98F622B29B4CB450025F50E /* ThemeManager.swift in Sources */ = {isa = PBXBuildFile; fileRef = F98F622A29B4CB450025F50E /* ThemeManager.swift */; };
		F98F623129B59CE60025F50E /* TeamName.swift in Sources */ = {isa = PBXBuildFile; fileRef = F98F623029B59CE60025F50E /* TeamName.swift */; };
		F98F8D5D29D85B0C00F9C956 /* RequestSongView.swift in Sources */ = {isa = PBXBuildFile; fileRef = F98F8D5C29D85B0C00F9C956 /* RequestSongView.swift */; };
		F9A178222A1BF5CB003E8E4C /* HalfSheetView.swift in Sources */ = {isa = PBXBuildFile; fileRef = F9A178212A1BF5CB003E8E4C /* HalfSheetView.swift */; };
		F9A178262A1C8B01003E8E4C /* PlayListFilter.swift in Sources */ = {isa = PBXBuildFile; fileRef = F9A178252A1C8B01003E8E4C /* PlayListFilter.swift */; };
		F9A2DAA62A07DE9A008B84A9 /* Preview Assets.xcassets in Resources */ = {isa = PBXBuildFile; fileRef = F9A2DAA52A07DE9A008B84A9 /* Preview Assets.xcassets */; };
		F9B3B7B529B7397600232BB8 /* MapName.swift in Sources */ = {isa = PBXBuildFile; fileRef = F9B3B7B429B7397600232BB8 /* MapName.swift */; };
		F9B3B7B729B842DD00232BB8 /* SongDetailView.swift in Sources */ = {isa = PBXBuildFile; fileRef = F9B3B7B629B842DD00232BB8 /* SongDetailView.swift */; };
		F9B95BB928F271A100728048 /* DataManager.swift in Sources */ = {isa = PBXBuildFile; fileRef = F9B95BB828F271A100728048 /* DataManager.swift */; };
		F9B95BBB28F271B800728048 /* Model.swift in Sources */ = {isa = PBXBuildFile; fileRef = F9B95BBA28F271B800728048 /* Model.swift */; };
		F9E4642329E8089A009E12FC /* ScalingHeaderView.swift in Sources */ = {isa = PBXBuildFile; fileRef = F9E4642229E8089A009E12FC /* ScalingHeaderView.swift */; };
		F9EB19C129168E45002DFE46 /* Song.swift in Sources */ = {isa = PBXBuildFile; fileRef = F9EB19BD29168336002DFE46 /* Song.swift */; };
/* End PBXBuildFile section */

/* Begin PBXFileReference section */
		20317FB128F2CCBB00A30E09 /* TeamChangingView.swift */ = {isa = PBXFileReference; lastKnownFileType = sourcecode.swift; path = TeamChangingView.swift; sourceTree = "<group>"; };
		20A23DC52A3A8AD6003C036C /* MiniPlayerView.swift */ = {isa = PBXFileReference; lastKnownFileType = sourcecode.swift; path = MiniPlayerView.swift; sourceTree = "<group>"; };
		87F6ECF0291677AC004533C4 /* Halmap+UIApplication.swift */ = {isa = PBXFileReference; lastKnownFileType = sourcecode.swift; path = "Halmap+UIApplication.swift"; sourceTree = "<group>"; };
		87F6ECF42916B331004533C4 /* Halmap+UINavigationController.swift */ = {isa = PBXFileReference; lastKnownFileType = sourcecode.swift; path = "Halmap+UINavigationController.swift"; sourceTree = "<group>"; };
		87F6ECF62916BB44004533C4 /* Halmap+UIView.swift */ = {isa = PBXFileReference; lastKnownFileType = sourcecode.swift; path = "Halmap+UIView.swift"; sourceTree = "<group>"; };
		A81FFC7628F15D9900B0FC7C /* Halmap.app */ = {isa = PBXFileReference; explicitFileType = wrapper.application; includeInIndex = 0; path = Halmap.app; sourceTree = BUILT_PRODUCTS_DIR; };
		A81FFC7928F15D9900B0FC7C /* HalmapApp.swift */ = {isa = PBXFileReference; lastKnownFileType = sourcecode.swift; path = HalmapApp.swift; sourceTree = "<group>"; };
		A81FFC7B28F15D9900B0FC7C /* ContentView.swift */ = {isa = PBXFileReference; lastKnownFileType = sourcecode.swift; path = ContentView.swift; sourceTree = "<group>"; };
		A81FFC7D28F15D9C00B0FC7C /* Assets.xcassets */ = {isa = PBXFileReference; lastKnownFileType = folder.assetcatalog; path = Assets.xcassets; sourceTree = "<group>"; };
		A81FFC8028F15D9C00B0FC7C /* Preview Assets.xcassets */ = {isa = PBXFileReference; lastKnownFileType = folder.assetcatalog; path = "Preview Assets.xcassets"; sourceTree = "<group>"; };
		A81FFC8228F15D9C00B0FC7C /* Persistence.swift */ = {isa = PBXFileReference; lastKnownFileType = sourcecode.swift; path = Persistence.swift; sourceTree = "<group>"; };
		A81FFC8528F15D9C00B0FC7C /* Halmap.xcdatamodel */ = {isa = PBXFileReference; lastKnownFileType = wrapper.xcdatamodel; path = Halmap.xcdatamodel; sourceTree = "<group>"; };
		A81FFC9028F1775000B0FC7C /* SongSearchView.swift */ = {isa = PBXFileReference; lastKnownFileType = sourcecode.swift; path = SongSearchView.swift; sourceTree = "<group>"; };
		A81FFC9228F1775C00B0FC7C /* StadiumListSheetView.swift */ = {isa = PBXFileReference; lastKnownFileType = sourcecode.swift; path = StadiumListSheetView.swift; sourceTree = "<group>"; };
		A81FFC9428F1776300B0FC7C /* StadiumMapView.swift */ = {isa = PBXFileReference; lastKnownFileType = sourcecode.swift; path = StadiumMapView.swift; sourceTree = "<group>"; };
		A81FFC9828F1777B00B0FC7C /* TeamSelectionView.swift */ = {isa = PBXFileReference; lastKnownFileType = sourcecode.swift; path = TeamSelectionView.swift; sourceTree = "<group>"; };
		A81FFC9C28F180A000B0FC7C /* SongPlayerView.swift */ = {isa = PBXFileReference; lastKnownFileType = sourcecode.swift; path = SongPlayerView.swift; sourceTree = "<group>"; };
		A81FFC9E28F180B200B0FC7C /* SongContentView.swift */ = {isa = PBXFileReference; lastKnownFileType = sourcecode.swift; path = SongContentView.swift; sourceTree = "<group>"; };
		A81FFCA428F1B84000B0FC7C /* Halmap+Font.swift */ = {isa = PBXFileReference; lastKnownFileType = sourcecode.swift; path = "Halmap+Font.swift"; sourceTree = "<group>"; };
		A81FFCA628F1B84A00B0FC7C /* Halmap+Color.swift */ = {isa = PBXFileReference; lastKnownFileType = sourcecode.swift; path = "Halmap+Color.swift"; sourceTree = "<group>"; };
		A852F0272A46EDDA00078B47 /* GoogleService-Info.plist */ = {isa = PBXFileReference; fileEncoding = 4; lastKnownFileType = text.plist.xml; path = "GoogleService-Info.plist"; sourceTree = "<group>"; };
		A8A8260C2A4CE2D400F470DF /* PlayListRow.swift */ = {isa = PBXFileReference; lastKnownFileType = sourcecode.swift; path = PlayListRow.swift; sourceTree = "<group>"; };
		A8A8260E2A4CE37200F470DF /* PlayListView.swift */ = {isa = PBXFileReference; fileEncoding = 4; lastKnownFileType = sourcecode.swift; path = PlayListView.swift; sourceTree = "<group>"; };
		A8D1E92129169DAD00BF242C /* test-song.m4a */ = {isa = PBXFileReference; lastKnownFileType = file; path = "test-song.m4a"; sourceTree = "<group>"; };
		A8F8BA9829C8CE5B00FCB229 /* AudioManager.swift */ = {isa = PBXFileReference; lastKnownFileType = sourcecode.swift; path = AudioManager.swift; sourceTree = "<group>"; };
		B2699E0B28F1CB5100267A4F /* Info.plist */ = {isa = PBXFileReference; lastKnownFileType = text.plist.xml; path = Info.plist; sourceTree = "<group>"; };
		B2699E0C28F1CB7E00267A4F /* Pretendard-Bold.otf */ = {isa = PBXFileReference; lastKnownFileType = file; path = "Pretendard-Bold.otf"; sourceTree = "<group>"; };
		B2699E0F28F1CB9700267A4F /* Pretendard-Medium.otf */ = {isa = PBXFileReference; lastKnownFileType = file; path = "Pretendard-Medium.otf"; sourceTree = "<group>"; };
		EEBC269E28F1CAE800BD5B3D /* TabBarItemView.swift */ = {isa = PBXFileReference; fileEncoding = 4; lastKnownFileType = sourcecode.swift; path = TabBarItemView.swift; sourceTree = "<group>"; };
		EEBC269F28F1CAE800BD5B3D /* TabBarView.swift */ = {isa = PBXFileReference; fileEncoding = 4; lastKnownFileType = sourcecode.swift; path = TabBarView.swift; sourceTree = "<group>"; };
		F9174B292A2B2F5F00B1CE87 /* SeasonSong.swift */ = {isa = PBXFileReference; lastKnownFileType = sourcecode.swift; path = SeasonSong.swift; sourceTree = "<group>"; };
		F91BE5FA29B18AF800F7E488 /* MainTabView.swift */ = {isa = PBXFileReference; lastKnownFileType = sourcecode.swift; path = MainTabView.swift; sourceTree = "<group>"; };
		F91BE5FC29B18D1E00F7E488 /* MainSongListTabView.swift */ = {isa = PBXFileReference; lastKnownFileType = sourcecode.swift; path = MainSongListTabView.swift; sourceTree = "<group>"; };
		F939EBB929D58FB2005ED8CA /* StorageContentView.swift */ = {isa = PBXFileReference; lastKnownFileType = sourcecode.swift; path = StorageContentView.swift; sourceTree = "<group>"; };
		F939EBBB29D5920F005ED8CA /* OffsetModifier.swift */ = {isa = PBXFileReference; lastKnownFileType = sourcecode.swift; path = OffsetModifier.swift; sourceTree = "<group>"; };
		F949284E28F2AFB800901F27 /* Music.json */ = {isa = PBXFileReference; fileEncoding = 4; lastKnownFileType = text.json; path = Music.json; sourceTree = "<group>"; };
		F95CE98A2917A8EF00FFE213 /* Settings.bundle */ = {isa = PBXFileReference; lastKnownFileType = "wrapper.plug-in"; path = Settings.bundle; sourceTree = "<group>"; };
		F95EF67B2A40695C00C6C3E7 /* HalfModalPresentationController.swift */ = {isa = PBXFileReference; lastKnownFileType = sourcecode.swift; path = HalfModalPresentationController.swift; sourceTree = "<group>"; };
		F98F622829B4C9BD0025F50E /* Themes.swift */ = {isa = PBXFileReference; lastKnownFileType = sourcecode.swift; path = Themes.swift; sourceTree = "<group>"; };
		F98F622A29B4CB450025F50E /* ThemeManager.swift */ = {isa = PBXFileReference; lastKnownFileType = sourcecode.swift; path = ThemeManager.swift; sourceTree = "<group>"; };
		F98F623029B59CE60025F50E /* TeamName.swift */ = {isa = PBXFileReference; lastKnownFileType = sourcecode.swift; path = TeamName.swift; sourceTree = "<group>"; };
		F98F8D5C29D85B0C00F9C956 /* RequestSongView.swift */ = {isa = PBXFileReference; lastKnownFileType = sourcecode.swift; path = RequestSongView.swift; sourceTree = "<group>"; };
		F9A178212A1BF5CB003E8E4C /* HalfSheetView.swift */ = {isa = PBXFileReference; lastKnownFileType = sourcecode.swift; path = HalfSheetView.swift; sourceTree = "<group>"; };
		F9A178252A1C8B01003E8E4C /* PlayListFilter.swift */ = {isa = PBXFileReference; lastKnownFileType = sourcecode.swift; path = PlayListFilter.swift; sourceTree = "<group>"; };
		F9A2DAA52A07DE9A008B84A9 /* Preview Assets.xcassets */ = {isa = PBXFileReference; lastKnownFileType = folder.assetcatalog; path = "Preview Assets.xcassets"; sourceTree = "<group>"; };
		F9B3B7B429B7397600232BB8 /* MapName.swift */ = {isa = PBXFileReference; lastKnownFileType = sourcecode.swift; path = MapName.swift; sourceTree = "<group>"; };
		F9B3B7B629B842DD00232BB8 /* SongDetailView.swift */ = {isa = PBXFileReference; lastKnownFileType = sourcecode.swift; path = SongDetailView.swift; sourceTree = "<group>"; };
		F9B95BB828F271A100728048 /* DataManager.swift */ = {isa = PBXFileReference; lastKnownFileType = sourcecode.swift; path = DataManager.swift; sourceTree = "<group>"; };
		F9B95BBA28F271B800728048 /* Model.swift */ = {isa = PBXFileReference; lastKnownFileType = sourcecode.swift; path = Model.swift; sourceTree = "<group>"; };
		F9E4642229E8089A009E12FC /* ScalingHeaderView.swift */ = {isa = PBXFileReference; lastKnownFileType = sourcecode.swift; path = ScalingHeaderView.swift; sourceTree = "<group>"; };
		F9EB19BD29168336002DFE46 /* Song.swift */ = {isa = PBXFileReference; lastKnownFileType = sourcecode.swift; path = Song.swift; sourceTree = "<group>"; };
/* End PBXFileReference section */

/* Begin PBXFrameworksBuildPhase section */
		A81FFC7328F15D9900B0FC7C /* Frameworks */ = {
			isa = PBXFrameworksBuildPhase;
			buildActionMask = 2147483647;
			files = (
				203CAF022916762B00E838A1 /* FirebaseFirestore in Frameworks */,
				203CAF042916762B00E838A1 /* FirebaseFirestoreSwift in Frameworks */,
				203CAF062916762B00E838A1 /* FirebaseStorage in Frameworks */,
				200B06EF2A0897770011D18E /* MinimizableView in Frameworks */,
			);
			runOnlyForDeploymentPostprocessing = 0;
		};
/* End PBXFrameworksBuildPhase section */

/* Begin PBXGroup section */
		A81FFC6D28F15D9900B0FC7C = {
			isa = PBXGroup;
			children = (
				A852F0272A46EDDA00078B47 /* GoogleService-Info.plist */,
				B2699E0E28F1CB8800267A4F /* Font */,
				A81FFC7828F15D9900B0FC7C /* Halmap */,
				A81FFC7728F15D9900B0FC7C /* Products */,
				F949284D28F2AF9600901F27 /* Recovered References */,
			);
			sourceTree = "<group>";
		};
		A81FFC7728F15D9900B0FC7C /* Products */ = {
			isa = PBXGroup;
			children = (
				A81FFC7628F15D9900B0FC7C /* Halmap.app */,
			);
			name = Products;
			sourceTree = "<group>";
		};
		A81FFC7828F15D9900B0FC7C /* Halmap */ = {
			isa = PBXGroup;
			children = (
				A852F01A2A462F9300078B47 /* Utills */,
				A81FFC8E28F1770500B0FC7C /* View */,
				B2699E0B28F1CB5100267A4F /* Info.plist */,
				F98F622729B4C9A80025F50E /* Theme */,
				F9B95BBC28F2733200728048 /* Data */,
				A81FFCA028F1B2E300B0FC7C /* Extensions */,
				A81FFC7928F15D9900B0FC7C /* HalmapApp.swift */,
				A81FFC7B28F15D9900B0FC7C /* ContentView.swift */,
				A81FFC7D28F15D9C00B0FC7C /* Assets.xcassets */,
				A81FFC8028F15D9C00B0FC7C /* Preview Assets.xcassets */,
				A81FFC8228F15D9C00B0FC7C /* Persistence.swift */,
				F9A178252A1C8B01003E8E4C /* PlayListFilter.swift */,
				A81FFC8428F15D9C00B0FC7C /* Halmap.xcdatamodeld */,
				A81FFC7F28F15D9C00B0FC7C /* Preview Content */,
				F95CE98A2917A8EF00FFE213 /* Settings.bundle */,
			);
			path = Halmap;
			sourceTree = "<group>";
		};
		A81FFC7F28F15D9C00B0FC7C /* Preview Content */ = {
			isa = PBXGroup;
			children = (
				F9A2DAA52A07DE9A008B84A9 /* Preview Assets.xcassets */,
			);
			path = "Preview Content";
			sourceTree = "<group>";
		};
		A81FFC8E28F1770500B0FC7C /* View */ = {
			isa = PBXGroup;
			children = (
				A81FFC9B28F1808700B0FC7C /* SongInformation */,
				EEBC26A528F1CE0400BD5B3D /* CustomTabBar */,
				A81FFC9028F1775000B0FC7C /* SongSearchView.swift */,
				20317FB128F2CCBB00A30E09 /* TeamChangingView.swift */,
				A81FFC9828F1777B00B0FC7C /* TeamSelectionView.swift */,
				A81FFC9A28F1778200B0FC7C /* Map */,
				F91BE5FA29B18AF800F7E488 /* MainTabView.swift */,
				F91BE5FC29B18D1E00F7E488 /* MainSongListTabView.swift */,
				F9E4642229E8089A009E12FC /* ScalingHeaderView.swift */,
				F9A178212A1BF5CB003E8E4C /* HalfSheetView.swift */,
				F939EBB929D58FB2005ED8CA /* StorageContentView.swift */,
				F939EBBB29D5920F005ED8CA /* OffsetModifier.swift */,
				F98F8D5C29D85B0C00F9C956 /* RequestSongView.swift */,
				20A23DC52A3A8AD6003C036C /* MiniPlayerView.swift */,
			);
			path = View;
			sourceTree = "<group>";
		};
		A81FFC9A28F1778200B0FC7C /* Map */ = {
			isa = PBXGroup;
			children = (
				A81FFC9228F1775C00B0FC7C /* StadiumListSheetView.swift */,
				A81FFC9428F1776300B0FC7C /* StadiumMapView.swift */,
			);
			path = Map;
			sourceTree = "<group>";
		};
		A81FFC9B28F1808700B0FC7C /* SongInformation */ = {
			isa = PBXGroup;
			children = (
				A8A826102A4CE5D900F470DF /* Lyric */,
				A8A8260B2A4CE2C300F470DF /* PlayList */,
				A81FFC9C28F180A000B0FC7C /* SongPlayerView.swift */,
				F9B3B7B629B842DD00232BB8 /* SongDetailView.swift */,
			);
			path = SongInformation;
			sourceTree = "<group>";
		};
		A81FFCA028F1B2E300B0FC7C /* Extensions */ = {
			isa = PBXGroup;
			children = (
				A81FFCA428F1B84000B0FC7C /* Halmap+Font.swift */,
				A81FFCA628F1B84A00B0FC7C /* Halmap+Color.swift */,
				87F6ECF0291677AC004533C4 /* Halmap+UIApplication.swift */,
				87F6ECF42916B331004533C4 /* Halmap+UINavigationController.swift */,
				87F6ECF62916BB44004533C4 /* Halmap+UIView.swift */,
			);
			path = Extensions;
			sourceTree = "<group>";
		};
		A852F01A2A462F9300078B47 /* Utills */ = {
			isa = PBXGroup;
			children = (
				F95EF67B2A40695C00C6C3E7 /* HalfModalPresentationController.swift */,
			);
			path = Utills;
			sourceTree = "<group>";
		};
		A8A8260B2A4CE2C300F470DF /* PlayList */ = {
			isa = PBXGroup;
			children = (
				A8A8260E2A4CE37200F470DF /* PlayListView.swift */,
				A8A8260C2A4CE2D400F470DF /* PlayListRow.swift */,
			);
			path = PlayList;
			sourceTree = "<group>";
		};
		A8A826102A4CE5D900F470DF /* Lyric */ = {
			isa = PBXGroup;
			children = (
				A81FFC9E28F180B200B0FC7C /* SongContentView.swift */,
			);
			path = Lyric;
			sourceTree = "<group>";
		};
		B2699E0E28F1CB8800267A4F /* Font */ = {
			isa = PBXGroup;
			children = (
				B2699E0C28F1CB7E00267A4F /* Pretendard-Bold.otf */,
				B2699E0F28F1CB9700267A4F /* Pretendard-Medium.otf */,
			);
			path = Font;
			sourceTree = "<group>";
		};
		EEBC26A528F1CE0400BD5B3D /* CustomTabBar */ = {
			isa = PBXGroup;
			children = (
				EEBC269E28F1CAE800BD5B3D /* TabBarItemView.swift */,
				EEBC269F28F1CAE800BD5B3D /* TabBarView.swift */,
			);
			path = CustomTabBar;
			sourceTree = "<group>";
		};
		F949284D28F2AF9600901F27 /* Recovered References */ = {
			isa = PBXGroup;
			children = (
			);
			name = "Recovered References";
			sourceTree = "<group>";
		};
		F98F622729B4C9A80025F50E /* Theme */ = {
			isa = PBXGroup;
			children = (
				F98F622829B4C9BD0025F50E /* Themes.swift */,
				F98F622A29B4CB450025F50E /* ThemeManager.swift */,
			);
			path = Theme;
			sourceTree = "<group>";
		};
		F9B95BBC28F2733200728048 /* Data */ = {
			isa = PBXGroup;
			children = (
				A8D1E92129169DAD00BF242C /* test-song.m4a */,
				F949284E28F2AFB800901F27 /* Music.json */,
				F9B95BB828F271A100728048 /* DataManager.swift */,
				F9B95BBA28F271B800728048 /* Model.swift */,
				F9EB19BD29168336002DFE46 /* Song.swift */,
				F98F623029B59CE60025F50E /* TeamName.swift */,
				F9B3B7B429B7397600232BB8 /* MapName.swift */,
				A8F8BA9829C8CE5B00FCB229 /* AudioManager.swift */,
				F9174B292A2B2F5F00B1CE87 /* SeasonSong.swift */,
			);
			path = Data;
			sourceTree = "<group>";
		};
/* End PBXGroup section */

/* Begin PBXNativeTarget section */
		A81FFC7528F15D9900B0FC7C /* Halmap */ = {
			isa = PBXNativeTarget;
			buildConfigurationList = A81FFC8928F15D9C00B0FC7C /* Build configuration list for PBXNativeTarget "Halmap" */;
			buildPhases = (
				A81FFC7228F15D9900B0FC7C /* Sources */,
				A81FFC7328F15D9900B0FC7C /* Frameworks */,
				A81FFC7428F15D9900B0FC7C /* Resources */,
			);
			buildRules = (
			);
			dependencies = (
			);
			name = Halmap;
			packageProductDependencies = (
				203CAF012916762B00E838A1 /* FirebaseFirestore */,
				203CAF032916762B00E838A1 /* FirebaseFirestoreSwift */,
				203CAF052916762B00E838A1 /* FirebaseStorage */,
				200B06EE2A0897770011D18E /* MinimizableView */,
			);
			productName = Halmap;
			productReference = A81FFC7628F15D9900B0FC7C /* Halmap.app */;
			productType = "com.apple.product-type.application";
		};
/* End PBXNativeTarget section */

/* Begin PBXProject section */
		A81FFC6E28F15D9900B0FC7C /* Project object */ = {
			isa = PBXProject;
			attributes = {
				BuildIndependentTargetsInParallel = 1;
				LastSwiftUpdateCheck = 1340;
				LastUpgradeCheck = 1340;
				TargetAttributes = {
					A81FFC7528F15D9900B0FC7C = {
						CreatedOnToolsVersion = 13.4.1;
					};
				};
			};
			buildConfigurationList = A81FFC7128F15D9900B0FC7C /* Build configuration list for PBXProject "Halmap" */;
			compatibilityVersion = "Xcode 13.0";
			developmentRegion = en;
			hasScannedForEncodings = 0;
			knownRegions = (
				en,
				Base,
			);
			mainGroup = A81FFC6D28F15D9900B0FC7C;
			packageReferences = (
				203CAF002916762B00E838A1 /* XCRemoteSwiftPackageReference "firebase-ios-sdk" */,
				200B06ED2A0897770011D18E /* XCRemoteSwiftPackageReference "MinimizableView" */,
			);
			productRefGroup = A81FFC7728F15D9900B0FC7C /* Products */;
			projectDirPath = "";
			projectRoot = "";
			targets = (
				A81FFC7528F15D9900B0FC7C /* Halmap */,
			);
		};
/* End PBXProject section */

/* Begin PBXResourcesBuildPhase section */
		A81FFC7428F15D9900B0FC7C /* Resources */ = {
			isa = PBXResourcesBuildPhase;
			buildActionMask = 2147483647;
			files = (
				F95CE98B2917A8EF00FFE213 /* Settings.bundle in Resources */,
				F9A2DAA62A07DE9A008B84A9 /* Preview Assets.xcassets in Resources */,
				A81FFC8128F15D9C00B0FC7C /* Preview Assets.xcassets in Resources */,
				B2699E0D28F1CB7E00267A4F /* Pretendard-Bold.otf in Resources */,
				A81FFC7E28F15D9C00B0FC7C /* Assets.xcassets in Resources */,
				B2699E1028F1CB9700267A4F /* Pretendard-Medium.otf in Resources */,
				A852F0282A46EDDA00078B47 /* GoogleService-Info.plist in Resources */,
				F949284F28F2AFB800901F27 /* Music.json in Resources */,
				A8D1E92229169DAD00BF242C /* test-song.m4a in Resources */,
			);
			runOnlyForDeploymentPostprocessing = 0;
		};
/* End PBXResourcesBuildPhase section */

/* Begin PBXSourcesBuildPhase section */
		A81FFC7228F15D9900B0FC7C /* Sources */ = {
			isa = PBXSourcesBuildPhase;
			buildActionMask = 2147483647;
			files = (
				F9EB19C129168E45002DFE46 /* Song.swift in Sources */,
				F9E4642329E8089A009E12FC /* ScalingHeaderView.swift in Sources */,
				A81FFC8328F15D9C00B0FC7C /* Persistence.swift in Sources */,
				A81FFC9328F1775C00B0FC7C /* StadiumListSheetView.swift in Sources */,
				EEBC26A128F1CAE900BD5B3D /* TabBarView.swift in Sources */,
				87F6ECF1291677AC004533C4 /* Halmap+UIApplication.swift in Sources */,
				F939EBBC29D5920F005ED8CA /* OffsetModifier.swift in Sources */,
				F9A178222A1BF5CB003E8E4C /* HalfSheetView.swift in Sources */,
				87F6ECF52916B331004533C4 /* Halmap+UINavigationController.swift in Sources */,
				A8A8260D2A4CE2D400F470DF /* PlayListRow.swift in Sources */,
				A8A8260F2A4CE37200F470DF /* PlayListView.swift in Sources */,
				A81FFCA528F1B84000B0FC7C /* Halmap+Font.swift in Sources */,
				F98F8D5D29D85B0C00F9C956 /* RequestSongView.swift in Sources */,
				A81FFC7C28F15D9900B0FC7C /* ContentView.swift in Sources */,
				A81FFC9D28F180A000B0FC7C /* SongPlayerView.swift in Sources */,
				F95EF67C2A40695C00C6C3E7 /* HalfModalPresentationController.swift in Sources */,
				A81FFC8628F15D9C00B0FC7C /* Halmap.xcdatamodeld in Sources */,
				87F6ECF72916BB44004533C4 /* Halmap+UIView.swift in Sources */,
				F91BE5FB29B18AF800F7E488 /* MainTabView.swift in Sources */,
				F9B95BB928F271A100728048 /* DataManager.swift in Sources */,
				A81FFC9928F1777B00B0FC7C /* TeamSelectionView.swift in Sources */,
				F98F622B29B4CB450025F50E /* ThemeManager.swift in Sources */,
				A81FFC9128F1775000B0FC7C /* SongSearchView.swift in Sources */,
				F9B3B7B729B842DD00232BB8 /* SongDetailView.swift in Sources */,
				F9174B2A2A2B2F5F00B1CE87 /* SeasonSong.swift in Sources */,
				EEBC26A028F1CAE900BD5B3D /* TabBarItemView.swift in Sources */,
				A81FFCA728F1B84A00B0FC7C /* Halmap+Color.swift in Sources */,
				F98F622929B4C9BD0025F50E /* Themes.swift in Sources */,
				20317FB228F2CCBB00A30E09 /* TeamChangingView.swift in Sources */,
				A81FFC7A28F15D9900B0FC7C /* HalmapApp.swift in Sources */,
				20A23DC62A3A8AD6003C036C /* MiniPlayerView.swift in Sources */,
				F91BE5FD29B18D1E00F7E488 /* MainSongListTabView.swift in Sources */,
				F939EBBA29D58FB2005ED8CA /* StorageContentView.swift in Sources */,
				A81FFC9F28F180B200B0FC7C /* SongContentView.swift in Sources */,
				A8F8BA9929C8CE5B00FCB229 /* AudioManager.swift in Sources */,
				F9B95BBB28F271B800728048 /* Model.swift in Sources */,
				F98F623129B59CE60025F50E /* TeamName.swift in Sources */,
				F9B3B7B529B7397600232BB8 /* MapName.swift in Sources */,
				A81FFC9528F1776300B0FC7C /* StadiumMapView.swift in Sources */,
				F9A178262A1C8B01003E8E4C /* PlayListFilter.swift in Sources */,
			);
			runOnlyForDeploymentPostprocessing = 0;
		};
/* End PBXSourcesBuildPhase section */

/* Begin XCBuildConfiguration section */
		A81FFC8728F15D9C00B0FC7C /* Debug */ = {
			isa = XCBuildConfiguration;
			buildSettings = {
				ALWAYS_SEARCH_USER_PATHS = NO;
				CLANG_ANALYZER_NONNULL = YES;
				CLANG_ANALYZER_NUMBER_OBJECT_CONVERSION = YES_AGGRESSIVE;
				CLANG_CXX_LANGUAGE_STANDARD = "gnu++17";
				CLANG_ENABLE_MODULES = YES;
				CLANG_ENABLE_OBJC_ARC = YES;
				CLANG_ENABLE_OBJC_WEAK = YES;
				CLANG_WARN_BLOCK_CAPTURE_AUTORELEASING = YES;
				CLANG_WARN_BOOL_CONVERSION = YES;
				CLANG_WARN_COMMA = YES;
				CLANG_WARN_CONSTANT_CONVERSION = YES;
				CLANG_WARN_DEPRECATED_OBJC_IMPLEMENTATIONS = YES;
				CLANG_WARN_DIRECT_OBJC_ISA_USAGE = YES_ERROR;
				CLANG_WARN_DOCUMENTATION_COMMENTS = YES;
				CLANG_WARN_EMPTY_BODY = YES;
				CLANG_WARN_ENUM_CONVERSION = YES;
				CLANG_WARN_INFINITE_RECURSION = YES;
				CLANG_WARN_INT_CONVERSION = YES;
				CLANG_WARN_NON_LITERAL_NULL_CONVERSION = YES;
				CLANG_WARN_OBJC_IMPLICIT_RETAIN_SELF = YES;
				CLANG_WARN_OBJC_LITERAL_CONVERSION = YES;
				CLANG_WARN_OBJC_ROOT_CLASS = YES_ERROR;
				CLANG_WARN_QUOTED_INCLUDE_IN_FRAMEWORK_HEADER = YES;
				CLANG_WARN_RANGE_LOOP_ANALYSIS = YES;
				CLANG_WARN_STRICT_PROTOTYPES = YES;
				CLANG_WARN_SUSPICIOUS_MOVE = YES;
				CLANG_WARN_UNGUARDED_AVAILABILITY = YES_AGGRESSIVE;
				CLANG_WARN_UNREACHABLE_CODE = YES;
				CLANG_WARN__DUPLICATE_METHOD_MATCH = YES;
				COPY_PHASE_STRIP = NO;
				DEBUG_INFORMATION_FORMAT = dwarf;
				ENABLE_STRICT_OBJC_MSGSEND = YES;
				ENABLE_TESTABILITY = YES;
				GCC_C_LANGUAGE_STANDARD = gnu11;
				GCC_DYNAMIC_NO_PIC = NO;
				GCC_NO_COMMON_BLOCKS = YES;
				GCC_OPTIMIZATION_LEVEL = 0;
				GCC_PREPROCESSOR_DEFINITIONS = (
					"DEBUG=1",
					"$(inherited)",
				);
				GCC_WARN_64_TO_32_BIT_CONVERSION = YES;
				GCC_WARN_ABOUT_RETURN_TYPE = YES_ERROR;
				GCC_WARN_UNDECLARED_SELECTOR = YES;
				GCC_WARN_UNINITIALIZED_AUTOS = YES_AGGRESSIVE;
				GCC_WARN_UNUSED_FUNCTION = YES;
				GCC_WARN_UNUSED_VARIABLE = YES;
				IPHONEOS_DEPLOYMENT_TARGET = 15.5;
				MTL_ENABLE_DEBUG_INFO = INCLUDE_SOURCE;
				MTL_FAST_MATH = YES;
				ONLY_ACTIVE_ARCH = YES;
				SDKROOT = iphoneos;
				SWIFT_ACTIVE_COMPILATION_CONDITIONS = DEBUG;
				SWIFT_OPTIMIZATION_LEVEL = "-Onone";
			};
			name = Debug;
		};
		A81FFC8828F15D9C00B0FC7C /* Release */ = {
			isa = XCBuildConfiguration;
			buildSettings = {
				ALWAYS_SEARCH_USER_PATHS = NO;
				CLANG_ANALYZER_NONNULL = YES;
				CLANG_ANALYZER_NUMBER_OBJECT_CONVERSION = YES_AGGRESSIVE;
				CLANG_CXX_LANGUAGE_STANDARD = "gnu++17";
				CLANG_ENABLE_MODULES = YES;
				CLANG_ENABLE_OBJC_ARC = YES;
				CLANG_ENABLE_OBJC_WEAK = YES;
				CLANG_WARN_BLOCK_CAPTURE_AUTORELEASING = YES;
				CLANG_WARN_BOOL_CONVERSION = YES;
				CLANG_WARN_COMMA = YES;
				CLANG_WARN_CONSTANT_CONVERSION = YES;
				CLANG_WARN_DEPRECATED_OBJC_IMPLEMENTATIONS = YES;
				CLANG_WARN_DIRECT_OBJC_ISA_USAGE = YES_ERROR;
				CLANG_WARN_DOCUMENTATION_COMMENTS = YES;
				CLANG_WARN_EMPTY_BODY = YES;
				CLANG_WARN_ENUM_CONVERSION = YES;
				CLANG_WARN_INFINITE_RECURSION = YES;
				CLANG_WARN_INT_CONVERSION = YES;
				CLANG_WARN_NON_LITERAL_NULL_CONVERSION = YES;
				CLANG_WARN_OBJC_IMPLICIT_RETAIN_SELF = YES;
				CLANG_WARN_OBJC_LITERAL_CONVERSION = YES;
				CLANG_WARN_OBJC_ROOT_CLASS = YES_ERROR;
				CLANG_WARN_QUOTED_INCLUDE_IN_FRAMEWORK_HEADER = YES;
				CLANG_WARN_RANGE_LOOP_ANALYSIS = YES;
				CLANG_WARN_STRICT_PROTOTYPES = YES;
				CLANG_WARN_SUSPICIOUS_MOVE = YES;
				CLANG_WARN_UNGUARDED_AVAILABILITY = YES_AGGRESSIVE;
				CLANG_WARN_UNREACHABLE_CODE = YES;
				CLANG_WARN__DUPLICATE_METHOD_MATCH = YES;
				COPY_PHASE_STRIP = NO;
				DEBUG_INFORMATION_FORMAT = "dwarf-with-dsym";
				ENABLE_NS_ASSERTIONS = NO;
				ENABLE_STRICT_OBJC_MSGSEND = YES;
				GCC_C_LANGUAGE_STANDARD = gnu11;
				GCC_NO_COMMON_BLOCKS = YES;
				GCC_WARN_64_TO_32_BIT_CONVERSION = YES;
				GCC_WARN_ABOUT_RETURN_TYPE = YES_ERROR;
				GCC_WARN_UNDECLARED_SELECTOR = YES;
				GCC_WARN_UNINITIALIZED_AUTOS = YES_AGGRESSIVE;
				GCC_WARN_UNUSED_FUNCTION = YES;
				GCC_WARN_UNUSED_VARIABLE = YES;
				IPHONEOS_DEPLOYMENT_TARGET = 15.5;
				MTL_ENABLE_DEBUG_INFO = NO;
				MTL_FAST_MATH = YES;
				SDKROOT = iphoneos;
				SWIFT_COMPILATION_MODE = wholemodule;
				SWIFT_OPTIMIZATION_LEVEL = "-O";
				VALIDATE_PRODUCT = YES;
			};
			name = Release;
		};
		A81FFC8A28F15D9C00B0FC7C /* Debug */ = {
			isa = XCBuildConfiguration;
			buildSettings = {
				ASSETCATALOG_COMPILER_APPICON_NAME = AppIcon;
				ASSETCATALOG_COMPILER_GLOBAL_ACCENT_COLOR_NAME = AccentColor;
				CODE_SIGN_IDENTITY = "Apple Development";
				CODE_SIGN_STYLE = Automatic;
				CURRENT_PROJECT_VERSION = 5;
				DEVELOPMENT_ASSET_PATHS = "\"Halmap/Preview Content\"";
				DEVELOPMENT_TEAM = Y6P5ZFWBM8;
				ENABLE_PREVIEWS = YES;
				GENERATE_INFOPLIST_FILE = YES;
				INFOPLIST_FILE = Halmap/Info.plist;
				INFOPLIST_KEY_CFBundleDisplayName = "모두의 야구";
				INFOPLIST_KEY_UIApplicationSceneManifest_Generation = YES;
				INFOPLIST_KEY_UIApplicationSupportsIndirectInputEvents = YES;
				INFOPLIST_KEY_UISupportedInterfaceOrientations = UIInterfaceOrientationPortrait;
				INFOPLIST_KEY_UIUserInterfaceStyle = Light;
				LD_RUNPATH_SEARCH_PATHS = (
					"$(inherited)",
					"@executable_path/Frameworks",
				);
				MARKETING_VERSION = 1.1.1;
				PRODUCT_BUNDLE_IDENTIFIER = com.Gwamegis.Halmap;
				PRODUCT_NAME = "$(TARGET_NAME)";
				PROVISIONING_PROFILE_SPECIFIER = "";
				SUPPORTED_PLATFORMS = "iphoneos iphonesimulator";
				SUPPORTS_MACCATALYST = NO;
				SUPPORTS_MAC_DESIGNED_FOR_IPHONE_IPAD = NO;
				SWIFT_EMIT_LOC_STRINGS = YES;
				SWIFT_VERSION = 5.0;
				TARGETED_DEVICE_FAMILY = 1;
			};
			name = Debug;
		};
		A81FFC8B28F15D9C00B0FC7C /* Release */ = {
			isa = XCBuildConfiguration;
			buildSettings = {
				ASSETCATALOG_COMPILER_APPICON_NAME = AppIcon;
				ASSETCATALOG_COMPILER_GLOBAL_ACCENT_COLOR_NAME = AccentColor;
				CODE_SIGN_IDENTITY = "Apple Development";
				CODE_SIGN_STYLE = Automatic;
				CURRENT_PROJECT_VERSION = 5;
				DEVELOPMENT_ASSET_PATHS = "\"Halmap/Preview Content\"";
				DEVELOPMENT_TEAM = 22A6RK2943;
				ENABLE_PREVIEWS = YES;
				GENERATE_INFOPLIST_FILE = YES;
				INFOPLIST_FILE = Halmap/Info.plist;
				INFOPLIST_KEY_CFBundleDisplayName = "모두의 야구";
				INFOPLIST_KEY_UIApplicationSceneManifest_Generation = YES;
				INFOPLIST_KEY_UIApplicationSupportsIndirectInputEvents = YES;
				INFOPLIST_KEY_UISupportedInterfaceOrientations = UIInterfaceOrientationPortrait;
				INFOPLIST_KEY_UIUserInterfaceStyle = Light;
				LD_RUNPATH_SEARCH_PATHS = (
					"$(inherited)",
					"@executable_path/Frameworks",
				);
				MARKETING_VERSION = 1.1.1;
				PRODUCT_BUNDLE_IDENTIFIER = com.Gwamegis.Halmap;
				PRODUCT_NAME = "$(TARGET_NAME)";
				PROVISIONING_PROFILE_SPECIFIER = "";
				SUPPORTED_PLATFORMS = "iphoneos iphonesimulator";
				SUPPORTS_MACCATALYST = NO;
				SUPPORTS_MAC_DESIGNED_FOR_IPHONE_IPAD = NO;
				SWIFT_EMIT_LOC_STRINGS = YES;
				SWIFT_VERSION = 5.0;
				TARGETED_DEVICE_FAMILY = 1;
			};
			name = Release;
		};
/* End XCBuildConfiguration section */

/* Begin XCConfigurationList section */
		A81FFC7128F15D9900B0FC7C /* Build configuration list for PBXProject "Halmap" */ = {
			isa = XCConfigurationList;
			buildConfigurations = (
				A81FFC8728F15D9C00B0FC7C /* Debug */,
				A81FFC8828F15D9C00B0FC7C /* Release */,
			);
			defaultConfigurationIsVisible = 0;
			defaultConfigurationName = Release;
		};
		A81FFC8928F15D9C00B0FC7C /* Build configuration list for PBXNativeTarget "Halmap" */ = {
			isa = XCConfigurationList;
			buildConfigurations = (
				A81FFC8A28F15D9C00B0FC7C /* Debug */,
				A81FFC8B28F15D9C00B0FC7C /* Release */,
			);
			defaultConfigurationIsVisible = 0;
			defaultConfigurationName = Release;
		};
/* End XCConfigurationList section */

/* Begin XCRemoteSwiftPackageReference section */
		200B06ED2A0897770011D18E /* XCRemoteSwiftPackageReference "MinimizableView" */ = {
			isa = XCRemoteSwiftPackageReference;
			repositoryURL = "https://github.com/DominikButz/MinimizableView.git";
			requirement = {
				kind = upToNextMajorVersion;
				minimumVersion = 2.0.0;
			};
		};
		203CAF002916762B00E838A1 /* XCRemoteSwiftPackageReference "firebase-ios-sdk" */ = {
			isa = XCRemoteSwiftPackageReference;
			repositoryURL = "https://github.com/firebase/firebase-ios-sdk.git";
			requirement = {
				kind = upToNextMajorVersion;
				minimumVersion = 9.0.0;
			};
		};
/* End XCRemoteSwiftPackageReference section */

/* Begin XCSwiftPackageProductDependency section */
		200B06EE2A0897770011D18E /* MinimizableView */ = {
			isa = XCSwiftPackageProductDependency;
			package = 200B06ED2A0897770011D18E /* XCRemoteSwiftPackageReference "MinimizableView" */;
			productName = MinimizableView;
		};
		203CAF012916762B00E838A1 /* FirebaseFirestore */ = {
			isa = XCSwiftPackageProductDependency;
			package = 203CAF002916762B00E838A1 /* XCRemoteSwiftPackageReference "firebase-ios-sdk" */;
			productName = FirebaseFirestore;
		};
		203CAF032916762B00E838A1 /* FirebaseFirestoreSwift */ = {
			isa = XCSwiftPackageProductDependency;
			package = 203CAF002916762B00E838A1 /* XCRemoteSwiftPackageReference "firebase-ios-sdk" */;
			productName = FirebaseFirestoreSwift;
		};
		203CAF052916762B00E838A1 /* FirebaseStorage */ = {
			isa = XCSwiftPackageProductDependency;
			package = 203CAF002916762B00E838A1 /* XCRemoteSwiftPackageReference "firebase-ios-sdk" */;
			productName = FirebaseStorage;
		};
/* End XCSwiftPackageProductDependency section */

/* Begin XCVersionGroup section */
		A81FFC8428F15D9C00B0FC7C /* Halmap.xcdatamodeld */ = {
			isa = XCVersionGroup;
			children = (
				A81FFC8528F15D9C00B0FC7C /* Halmap.xcdatamodel */,
			);
			currentVersion = A81FFC8528F15D9C00B0FC7C /* Halmap.xcdatamodel */;
			path = Halmap.xcdatamodeld;
			sourceTree = "<group>";
			versionGroupType = wrapper.xcdatamodel;
		};
/* End XCVersionGroup section */
	};
	rootObject = A81FFC6E28F15D9900B0FC7C /* Project object */;
}
