// !$*UTF8*$!
{
	archiveVersion = 1;
	classes = {
	};
	objectVersion = 55;
	objects = {

/* Begin PBXBuildFile section */
		206F9F6D2AD29611004DAD73 /* MainSongListViewModel.swift in Sources */ = {isa = PBXBuildFile; fileRef = 206F9F6C2AD29611004DAD73 /* MainSongListViewModel.swift */; };
		20A687D82A711C48005F18FA /* FirebaseAnalytics in Frameworks */ = {isa = PBXBuildFile; productRef = 20A687D72A711C48005F18FA /* FirebaseAnalytics */; };
		20A687DA2A711C48005F18FA /* FirebaseAnalyticsSwift in Frameworks */ = {isa = PBXBuildFile; productRef = 20A687D92A711C48005F18FA /* FirebaseAnalyticsSwift */; };
		20A687DC2A711C48005F18FA /* FirebaseCrashlytics in Frameworks */ = {isa = PBXBuildFile; productRef = 20A687DB2A711C48005F18FA /* FirebaseCrashlytics */; };
		20A687DE2A711C48005F18FA /* FirebaseDatabase in Frameworks */ = {isa = PBXBuildFile; productRef = 20A687DD2A711C48005F18FA /* FirebaseDatabase */; };
		20A687E02A711C48005F18FA /* FirebaseDatabaseSwift in Frameworks */ = {isa = PBXBuildFile; productRef = 20A687DF2A711C48005F18FA /* FirebaseDatabaseSwift */; };
		20A687E22A711C48005F18FA /* FirebaseFirestore in Frameworks */ = {isa = PBXBuildFile; productRef = 20A687E12A711C48005F18FA /* FirebaseFirestore */; };
		20A687E42A711C48005F18FA /* FirebaseFirestoreSwift in Frameworks */ = {isa = PBXBuildFile; productRef = 20A687E32A711C48005F18FA /* FirebaseFirestoreSwift */; };
		20A687E62A711C48005F18FA /* FirebaseRemoteConfig in Frameworks */ = {isa = PBXBuildFile; productRef = 20A687E52A711C48005F18FA /* FirebaseRemoteConfig */; };
		20A687E82A711C48005F18FA /* FirebaseStorage in Frameworks */ = {isa = PBXBuildFile; productRef = 20A687E72A711C48005F18FA /* FirebaseStorage */; };
		8744D0832AC5FBCC002F1D3A /* TeamSelectionViewModel.swift in Sources */ = {isa = PBXBuildFile; fileRef = 8744D0822AC5FBCC002F1D3A /* TeamSelectionViewModel.swift */; };
		8744D0852AC60D22002F1D3A /* OnBoardingStartView.swift in Sources */ = {isa = PBXBuildFile; fileRef = 8744D0842AC60D22002F1D3A /* OnBoardingStartView.swift */; };
		8764EEEC2ABFEF6A0006F438 /* GoogleService-Info.plist in Resources */ = {isa = PBXBuildFile; fileRef = 8764EEEB2ABFEF6A0006F438 /* GoogleService-Info.plist */; };
		8774038C2ABD2B7700C94D35 /* SongSearchViewModel.swift in Sources */ = {isa = PBXBuildFile; fileRef = 8774038B2ABD2B7700C94D35 /* SongSearchViewModel.swift */; };
		87F6ECF1291677AC004533C4 /* Halmap+UIApplication.swift in Sources */ = {isa = PBXBuildFile; fileRef = 87F6ECF0291677AC004533C4 /* Halmap+UIApplication.swift */; };
		87F6ECF52916B331004533C4 /* Halmap+UINavigationController.swift in Sources */ = {isa = PBXBuildFile; fileRef = 87F6ECF42916B331004533C4 /* Halmap+UINavigationController.swift */; };
		87F6ECF72916BB44004533C4 /* Halmap+UIView.swift in Sources */ = {isa = PBXBuildFile; fileRef = 87F6ECF62916BB44004533C4 /* Halmap+UIView.swift */; };
		A81FFC7A28F15D9900B0FC7C /* HalmapApp.swift in Sources */ = {isa = PBXBuildFile; fileRef = A81FFC7928F15D9900B0FC7C /* HalmapApp.swift */; };
		A81FFC7C28F15D9900B0FC7C /* ContentView.swift in Sources */ = {isa = PBXBuildFile; fileRef = A81FFC7B28F15D9900B0FC7C /* ContentView.swift */; };
		A81FFC7E28F15D9C00B0FC7C /* Assets.xcassets in Resources */ = {isa = PBXBuildFile; fileRef = A81FFC7D28F15D9C00B0FC7C /* Assets.xcassets */; };
		A81FFC8128F15D9C00B0FC7C /* Preview Assets.xcassets in Resources */ = {isa = PBXBuildFile; fileRef = A81FFC8028F15D9C00B0FC7C /* Preview Assets.xcassets */; };
		A81FFC8328F15D9C00B0FC7C /* Persistence.swift in Sources */ = {isa = PBXBuildFile; fileRef = A81FFC8228F15D9C00B0FC7C /* Persistence.swift */; };
		A81FFC8628F15D9C00B0FC7C /* Halmap.xcdatamodeld in Sources */ = {isa = PBXBuildFile; fileRef = A81FFC8428F15D9C00B0FC7C /* Halmap.xcdatamodeld */; };
		A81FFC9128F1775000B0FC7C /* SongSearchView.swift in Sources */ = {isa = PBXBuildFile; fileRef = A81FFC9028F1775000B0FC7C /* SongSearchView.swift */; };
		A81FFC9928F1777B00B0FC7C /* TeamSelectionView.swift in Sources */ = {isa = PBXBuildFile; fileRef = A81FFC9828F1777B00B0FC7C /* TeamSelectionView.swift */; };
		A81FFCA528F1B84000B0FC7C /* Halmap+Font.swift in Sources */ = {isa = PBXBuildFile; fileRef = A81FFCA428F1B84000B0FC7C /* Halmap+Font.swift */; };
		A81FFCA728F1B84A00B0FC7C /* Halmap+Color.swift in Sources */ = {isa = PBXBuildFile; fileRef = A81FFCA628F1B84A00B0FC7C /* Halmap+Color.swift */; };
		A8D1E92229169DAD00BF242C /* test-song.m4a in Resources */ = {isa = PBXBuildFile; fileRef = A8D1E92129169DAD00BF242C /* test-song.m4a */; };
		A8F8BA9929C8CE5B00FCB229 /* AudioManager.swift in Sources */ = {isa = PBXBuildFile; fileRef = A8F8BA9829C8CE5B00FCB229 /* AudioManager.swift */; };
		B2699E0D28F1CB7E00267A4F /* Pretendard-Bold.otf in Resources */ = {isa = PBXBuildFile; fileRef = B2699E0C28F1CB7E00267A4F /* Pretendard-Bold.otf */; };
		B2699E1028F1CB9700267A4F /* Pretendard-Medium.otf in Resources */ = {isa = PBXBuildFile; fileRef = B2699E0F28F1CB9700267A4F /* Pretendard-Medium.otf */; };
		EEBC26A028F1CAE900BD5B3D /* TabBarItemView.swift in Sources */ = {isa = PBXBuildFile; fileRef = EEBC269E28F1CAE800BD5B3D /* TabBarItemView.swift */; };
		EEBC26A128F1CAE900BD5B3D /* TabBarView.swift in Sources */ = {isa = PBXBuildFile; fileRef = EEBC269F28F1CAE800BD5B3D /* TabBarView.swift */; };
		F901907F2B038BC200C9BFF6 /* PlaylistView.swift in Sources */ = {isa = PBXBuildFile; fileRef = F901907E2B038BC200C9BFF6 /* PlaylistView.swift */; };
		F90190812B038BDF00C9BFF6 /* PlaylistViewModel.swift in Sources */ = {isa = PBXBuildFile; fileRef = F90190802B038BDF00C9BFF6 /* PlaylistViewModel.swift */; };
		F90190832B038BFF00C9BFF6 /* SongDetailView.swift in Sources */ = {isa = PBXBuildFile; fileRef = F90190822B038BFF00C9BFF6 /* SongDetailView.swift */; };
		F90190852B038C1600C9BFF6 /* SongDetailViewModel.swift in Sources */ = {isa = PBXBuildFile; fileRef = F90190842B038C1600C9BFF6 /* SongDetailViewModel.swift */; };
		F9168B292A5A81AD00DCF649 /* NotificationView.swift in Sources */ = {isa = PBXBuildFile; fileRef = F9168B282A5A81AD00DCF649 /* NotificationView.swift */; };
		F9168B2B2A5A81BC00DCF649 /* Notification.swift in Sources */ = {isa = PBXBuildFile; fileRef = F9168B2A2A5A81BC00DCF649 /* Notification.swift */; };
		F9168B322A5AA1FB00DCF649 /* HalfModalPresentationController.swift in Sources */ = {isa = PBXBuildFile; fileRef = F9168B312A5AA1FB00DCF649 /* HalfModalPresentationController.swift */; };
		F9174B2A2A2B2F5F00B1CE87 /* SeasonSong.swift in Sources */ = {isa = PBXBuildFile; fileRef = F9174B292A2B2F5F00B1CE87 /* SeasonSong.swift */; };
		F91BE5FB29B18AF800F7E488 /* MainTabView.swift in Sources */ = {isa = PBXBuildFile; fileRef = F91BE5FA29B18AF800F7E488 /* MainTabView.swift */; };
		F91BE5FD29B18D1E00F7E488 /* MainSongListTabView.swift in Sources */ = {isa = PBXBuildFile; fileRef = F91BE5FC29B18D1E00F7E488 /* MainSongListTabView.swift */; };
		F9305CA22B102E0600A0F7C9 /* Progressbar.swift in Sources */ = {isa = PBXBuildFile; fileRef = F9305CA12B102E0600A0F7C9 /* Progressbar.swift */; };
		F9305CA42B1038BE00A0F7C9 /* Utility.swift in Sources */ = {isa = PBXBuildFile; fileRef = F9305CA32B1038BE00A0F7C9 /* Utility.swift */; };
		F939EBBA29D58FB2005ED8CA /* StorageContentView.swift in Sources */ = {isa = PBXBuildFile; fileRef = F939EBB929D58FB2005ED8CA /* StorageContentView.swift */; };
		F939EBBC29D5920F005ED8CA /* OffsetModifier.swift in Sources */ = {isa = PBXBuildFile; fileRef = F939EBBB29D5920F005ED8CA /* OffsetModifier.swift */; };
		F941FA7F2A7F78500034F72D /* Launch Screen.storyboard in Resources */ = {isa = PBXBuildFile; fileRef = F941FA7E2A7F78500034F72D /* Launch Screen.storyboard */; };
		F949284F28F2AFB800901F27 /* Music.json in Resources */ = {isa = PBXBuildFile; fileRef = F949284E28F2AFB800901F27 /* Music.json */; };
		F949421D2B16044F00075DE1 /* ToastView.swift in Sources */ = {isa = PBXBuildFile; fileRef = F949421C2B16044F00075DE1 /* ToastView.swift */; };
		F95CE98B2917A8EF00FFE213 /* Settings.bundle in Resources */ = {isa = PBXBuildFile; fileRef = F95CE98A2917A8EF00FFE213 /* Settings.bundle */; };
		F97BE1222AC011B100B37C76 /* SongStorageViewModel.swift in Sources */ = {isa = PBXBuildFile; fileRef = F97BE1212AC011B100B37C76 /* SongStorageViewModel.swift */; };
		F97BE1242AC011DF00B37C76 /* Halmap+CollectedSong.swift in Sources */ = {isa = PBXBuildFile; fileRef = F97BE1232AC011DF00B37C76 /* Halmap+CollectedSong.swift */; };
		F98F622929B4C9BD0025F50E /* Themes.swift in Sources */ = {isa = PBXBuildFile; fileRef = F98F622829B4C9BD0025F50E /* Themes.swift */; };
		F98F622B29B4CB450025F50E /* ThemeManager.swift in Sources */ = {isa = PBXBuildFile; fileRef = F98F622A29B4CB450025F50E /* ThemeManager.swift */; };
		F98F623129B59CE60025F50E /* TeamName.swift in Sources */ = {isa = PBXBuildFile; fileRef = F98F623029B59CE60025F50E /* TeamName.swift */; };
		F98F8D5D29D85B0C00F9C956 /* RequestSongView.swift in Sources */ = {isa = PBXBuildFile; fileRef = F98F8D5C29D85B0C00F9C956 /* RequestSongView.swift */; };
		F9A178222A1BF5CB003E8E4C /* HalfSheetView.swift in Sources */ = {isa = PBXBuildFile; fileRef = F9A178212A1BF5CB003E8E4C /* HalfSheetView.swift */; };
		F9A178262A1C8B01003E8E4C /* PlaylistFilter.swift in Sources */ = {isa = PBXBuildFile; fileRef = F9A178252A1C8B01003E8E4C /* PlaylistFilter.swift */; };
		F9A2DAA62A07DE9A008B84A9 /* Preview Assets.xcassets in Resources */ = {isa = PBXBuildFile; fileRef = F9A2DAA52A07DE9A008B84A9 /* Preview Assets.xcassets */; };
		F9A925A02AA60A5100EF8BC9 /* MainTabViewModel.swift in Sources */ = {isa = PBXBuildFile; fileRef = F9A9259F2AA60A5100EF8BC9 /* MainTabViewModel.swift */; };
		F9B3B7B529B7397600232BB8 /* MapName.swift in Sources */ = {isa = PBXBuildFile; fileRef = F9B3B7B429B7397600232BB8 /* MapName.swift */; };
		F9B95BB928F271A100728048 /* DataManager.swift in Sources */ = {isa = PBXBuildFile; fileRef = F9B95BB828F271A100728048 /* DataManager.swift */; };
		F9B95BBB28F271B800728048 /* Model.swift in Sources */ = {isa = PBXBuildFile; fileRef = F9B95BBA28F271B800728048 /* Model.swift */; };
		F9DB6D1D2A763B7400B9469D /* Traffic.swift in Sources */ = {isa = PBXBuildFile; fileRef = F9DB6D1C2A763B7400B9469D /* Traffic.swift */; };
		F9DB6D1F2A76744A00B9469D /* LaunchScreenView.swift in Sources */ = {isa = PBXBuildFile; fileRef = F9DB6D1E2A76744A00B9469D /* LaunchScreenView.swift */; };
		F9E4642329E8089A009E12FC /* ScalingHeaderView.swift in Sources */ = {isa = PBXBuildFile; fileRef = F9E4642229E8089A009E12FC /* ScalingHeaderView.swift */; };
		F9EB19C129168E45002DFE46 /* Song.swift in Sources */ = {isa = PBXBuildFile; fileRef = F9EB19BD29168336002DFE46 /* Song.swift */; };
/* End PBXBuildFile section */

/* Begin PBXFileReference section */
		206F9F6C2AD29611004DAD73 /* MainSongListViewModel.swift */ = {isa = PBXFileReference; lastKnownFileType = sourcecode.swift; path = MainSongListViewModel.swift; sourceTree = "<group>"; };
		8744D0822AC5FBCC002F1D3A /* TeamSelectionViewModel.swift */ = {isa = PBXFileReference; lastKnownFileType = sourcecode.swift; path = TeamSelectionViewModel.swift; sourceTree = "<group>"; };
		8744D0842AC60D22002F1D3A /* OnBoardingStartView.swift */ = {isa = PBXFileReference; lastKnownFileType = sourcecode.swift; path = OnBoardingStartView.swift; sourceTree = "<group>"; };
		8764EEEB2ABFEF6A0006F438 /* GoogleService-Info.plist */ = {isa = PBXFileReference; fileEncoding = 4; lastKnownFileType = text.plist.xml; path = "GoogleService-Info.plist"; sourceTree = "<group>"; };
		8774038B2ABD2B7700C94D35 /* SongSearchViewModel.swift */ = {isa = PBXFileReference; lastKnownFileType = sourcecode.swift; path = SongSearchViewModel.swift; sourceTree = "<group>"; };
		87F6ECF0291677AC004533C4 /* Halmap+UIApplication.swift */ = {isa = PBXFileReference; lastKnownFileType = sourcecode.swift; path = "Halmap+UIApplication.swift"; sourceTree = "<group>"; };
		87F6ECF42916B331004533C4 /* Halmap+UINavigationController.swift */ = {isa = PBXFileReference; lastKnownFileType = sourcecode.swift; path = "Halmap+UINavigationController.swift"; sourceTree = "<group>"; };
		87F6ECF62916BB44004533C4 /* Halmap+UIView.swift */ = {isa = PBXFileReference; lastKnownFileType = sourcecode.swift; path = "Halmap+UIView.swift"; sourceTree = "<group>"; };
		A81FFC7628F15D9900B0FC7C /* Halmap.app */ = {isa = PBXFileReference; explicitFileType = wrapper.application; includeInIndex = 0; path = Halmap.app; sourceTree = BUILT_PRODUCTS_DIR; };
		A81FFC7928F15D9900B0FC7C /* HalmapApp.swift */ = {isa = PBXFileReference; lastKnownFileType = sourcecode.swift; path = HalmapApp.swift; sourceTree = "<group>"; };
		A81FFC7B28F15D9900B0FC7C /* ContentView.swift */ = {isa = PBXFileReference; lastKnownFileType = sourcecode.swift; path = ContentView.swift; sourceTree = "<group>"; };
		A81FFC7D28F15D9C00B0FC7C /* Assets.xcassets */ = {isa = PBXFileReference; lastKnownFileType = folder.assetcatalog; path = Assets.xcassets; sourceTree = "<group>"; };
		A81FFC8028F15D9C00B0FC7C /* Preview Assets.xcassets */ = {isa = PBXFileReference; lastKnownFileType = folder.assetcatalog; path = "Preview Assets.xcassets"; sourceTree = "<group>"; };
		A81FFC8228F15D9C00B0FC7C /* Persistence.swift */ = {isa = PBXFileReference; lastKnownFileType = sourcecode.swift; path = Persistence.swift; sourceTree = "<group>"; };
		A81FFC8528F15D9C00B0FC7C /* Halmap.xcdatamodel */ = {isa = PBXFileReference; lastKnownFileType = wrapper.xcdatamodel; path = Halmap.xcdatamodel; sourceTree = "<group>"; };
		A81FFC9028F1775000B0FC7C /* SongSearchView.swift */ = {isa = PBXFileReference; lastKnownFileType = sourcecode.swift; path = SongSearchView.swift; sourceTree = "<group>"; };
		A81FFC9828F1777B00B0FC7C /* TeamSelectionView.swift */ = {isa = PBXFileReference; lastKnownFileType = sourcecode.swift; path = TeamSelectionView.swift; sourceTree = "<group>"; };
		A81FFCA428F1B84000B0FC7C /* Halmap+Font.swift */ = {isa = PBXFileReference; lastKnownFileType = sourcecode.swift; path = "Halmap+Font.swift"; sourceTree = "<group>"; };
		A81FFCA628F1B84A00B0FC7C /* Halmap+Color.swift */ = {isa = PBXFileReference; lastKnownFileType = sourcecode.swift; path = "Halmap+Color.swift"; sourceTree = "<group>"; };
		A8D1E92129169DAD00BF242C /* test-song.m4a */ = {isa = PBXFileReference; lastKnownFileType = file; path = "test-song.m4a"; sourceTree = "<group>"; };
		A8F8BA9829C8CE5B00FCB229 /* AudioManager.swift */ = {isa = PBXFileReference; lastKnownFileType = sourcecode.swift; path = AudioManager.swift; sourceTree = "<group>"; };
		B2699E0B28F1CB5100267A4F /* Info.plist */ = {isa = PBXFileReference; lastKnownFileType = text.plist.xml; path = Info.plist; sourceTree = "<group>"; };
		B2699E0C28F1CB7E00267A4F /* Pretendard-Bold.otf */ = {isa = PBXFileReference; lastKnownFileType = file; path = "Pretendard-Bold.otf"; sourceTree = "<group>"; };
		B2699E0F28F1CB9700267A4F /* Pretendard-Medium.otf */ = {isa = PBXFileReference; lastKnownFileType = file; path = "Pretendard-Medium.otf"; sourceTree = "<group>"; };
		EEBC269E28F1CAE800BD5B3D /* TabBarItemView.swift */ = {isa = PBXFileReference; fileEncoding = 4; lastKnownFileType = sourcecode.swift; path = TabBarItemView.swift; sourceTree = "<group>"; };
		EEBC269F28F1CAE800BD5B3D /* TabBarView.swift */ = {isa = PBXFileReference; fileEncoding = 4; lastKnownFileType = sourcecode.swift; path = TabBarView.swift; sourceTree = "<group>"; };
		F901907E2B038BC200C9BFF6 /* PlaylistView.swift */ = {isa = PBXFileReference; lastKnownFileType = sourcecode.swift; path = PlaylistView.swift; sourceTree = "<group>"; };
		F90190802B038BDF00C9BFF6 /* PlaylistViewModel.swift */ = {isa = PBXFileReference; lastKnownFileType = sourcecode.swift; path = PlaylistViewModel.swift; sourceTree = "<group>"; };
		F90190822B038BFF00C9BFF6 /* SongDetailView.swift */ = {isa = PBXFileReference; lastKnownFileType = sourcecode.swift; path = SongDetailView.swift; sourceTree = "<group>"; };
		F90190842B038C1600C9BFF6 /* SongDetailViewModel.swift */ = {isa = PBXFileReference; lastKnownFileType = sourcecode.swift; path = SongDetailViewModel.swift; sourceTree = "<group>"; };
		F9168B282A5A81AD00DCF649 /* NotificationView.swift */ = {isa = PBXFileReference; lastKnownFileType = sourcecode.swift; path = NotificationView.swift; sourceTree = "<group>"; };
		F9168B2A2A5A81BC00DCF649 /* Notification.swift */ = {isa = PBXFileReference; lastKnownFileType = sourcecode.swift; path = Notification.swift; sourceTree = "<group>"; };
		F9168B312A5AA1FB00DCF649 /* HalfModalPresentationController.swift */ = {isa = PBXFileReference; lastKnownFileType = sourcecode.swift; path = HalfModalPresentationController.swift; sourceTree = "<group>"; };
		F9174B292A2B2F5F00B1CE87 /* SeasonSong.swift */ = {isa = PBXFileReference; lastKnownFileType = sourcecode.swift; path = SeasonSong.swift; sourceTree = "<group>"; };
		F91BE5FA29B18AF800F7E488 /* MainTabView.swift */ = {isa = PBXFileReference; lastKnownFileType = sourcecode.swift; path = MainTabView.swift; sourceTree = "<group>"; };
		F91BE5FC29B18D1E00F7E488 /* MainSongListTabView.swift */ = {isa = PBXFileReference; lastKnownFileType = sourcecode.swift; path = MainSongListTabView.swift; sourceTree = "<group>"; };
		F9305CA12B102E0600A0F7C9 /* Progressbar.swift */ = {isa = PBXFileReference; lastKnownFileType = sourcecode.swift; path = Progressbar.swift; sourceTree = "<group>"; };
		F9305CA32B1038BE00A0F7C9 /* Utility.swift */ = {isa = PBXFileReference; lastKnownFileType = sourcecode.swift; path = Utility.swift; sourceTree = "<group>"; };
		F939EBB929D58FB2005ED8CA /* StorageContentView.swift */ = {isa = PBXFileReference; lastKnownFileType = sourcecode.swift; path = StorageContentView.swift; sourceTree = "<group>"; };
		F939EBBB29D5920F005ED8CA /* OffsetModifier.swift */ = {isa = PBXFileReference; lastKnownFileType = sourcecode.swift; path = OffsetModifier.swift; sourceTree = "<group>"; };
		F941FA7E2A7F78500034F72D /* Launch Screen.storyboard */ = {isa = PBXFileReference; lastKnownFileType = file.storyboard; path = "Launch Screen.storyboard"; sourceTree = "<group>"; };
		F949284E28F2AFB800901F27 /* Music.json */ = {isa = PBXFileReference; fileEncoding = 4; lastKnownFileType = text.json; path = Music.json; sourceTree = "<group>"; };
		F949421C2B16044F00075DE1 /* ToastView.swift */ = {isa = PBXFileReference; lastKnownFileType = sourcecode.swift; path = ToastView.swift; sourceTree = "<group>"; };
		F95CE98A2917A8EF00FFE213 /* Settings.bundle */ = {isa = PBXFileReference; lastKnownFileType = "wrapper.plug-in"; path = Settings.bundle; sourceTree = "<group>"; };
		F97BE1212AC011B100B37C76 /* SongStorageViewModel.swift */ = {isa = PBXFileReference; lastKnownFileType = sourcecode.swift; path = SongStorageViewModel.swift; sourceTree = "<group>"; };
		F97BE1232AC011DF00B37C76 /* Halmap+CollectedSong.swift */ = {isa = PBXFileReference; lastKnownFileType = sourcecode.swift; path = "Halmap+CollectedSong.swift"; sourceTree = "<group>"; };
		F98F622829B4C9BD0025F50E /* Themes.swift */ = {isa = PBXFileReference; lastKnownFileType = sourcecode.swift; path = Themes.swift; sourceTree = "<group>"; };
		F98F622A29B4CB450025F50E /* ThemeManager.swift */ = {isa = PBXFileReference; lastKnownFileType = sourcecode.swift; path = ThemeManager.swift; sourceTree = "<group>"; };
		F98F623029B59CE60025F50E /* TeamName.swift */ = {isa = PBXFileReference; lastKnownFileType = sourcecode.swift; path = TeamName.swift; sourceTree = "<group>"; };
		F98F8D5C29D85B0C00F9C956 /* RequestSongView.swift */ = {isa = PBXFileReference; lastKnownFileType = sourcecode.swift; path = RequestSongView.swift; sourceTree = "<group>"; };
		F9A178212A1BF5CB003E8E4C /* HalfSheetView.swift */ = {isa = PBXFileReference; lastKnownFileType = sourcecode.swift; path = HalfSheetView.swift; sourceTree = "<group>"; };
		F9A178252A1C8B01003E8E4C /* PlaylistFilter.swift */ = {isa = PBXFileReference; lastKnownFileType = sourcecode.swift; path = PlaylistFilter.swift; sourceTree = "<group>"; };
		F9A2DAA52A07DE9A008B84A9 /* Preview Assets.xcassets */ = {isa = PBXFileReference; lastKnownFileType = folder.assetcatalog; path = "Preview Assets.xcassets"; sourceTree = "<group>"; };
		F9A9259F2AA60A5100EF8BC9 /* MainTabViewModel.swift */ = {isa = PBXFileReference; lastKnownFileType = sourcecode.swift; path = MainTabViewModel.swift; sourceTree = "<group>"; };
		F9B3B7B429B7397600232BB8 /* MapName.swift */ = {isa = PBXFileReference; lastKnownFileType = sourcecode.swift; path = MapName.swift; sourceTree = "<group>"; };
		F9B95BB828F271A100728048 /* DataManager.swift */ = {isa = PBXFileReference; lastKnownFileType = sourcecode.swift; path = DataManager.swift; sourceTree = "<group>"; };
		F9B95BBA28F271B800728048 /* Model.swift */ = {isa = PBXFileReference; lastKnownFileType = sourcecode.swift; path = Model.swift; sourceTree = "<group>"; };
		F9DB6D1C2A763B7400B9469D /* Traffic.swift */ = {isa = PBXFileReference; lastKnownFileType = sourcecode.swift; path = Traffic.swift; sourceTree = "<group>"; };
		F9DB6D1E2A76744A00B9469D /* LaunchScreenView.swift */ = {isa = PBXFileReference; lastKnownFileType = sourcecode.swift; path = LaunchScreenView.swift; sourceTree = "<group>"; };
		F9E4642229E8089A009E12FC /* ScalingHeaderView.swift */ = {isa = PBXFileReference; lastKnownFileType = sourcecode.swift; path = ScalingHeaderView.swift; sourceTree = "<group>"; };
		F9EB19BD29168336002DFE46 /* Song.swift */ = {isa = PBXFileReference; lastKnownFileType = sourcecode.swift; path = Song.swift; sourceTree = "<group>"; };
/* End PBXFileReference section */

/* Begin PBXFrameworksBuildPhase section */
		A81FFC7328F15D9900B0FC7C /* Frameworks */ = {
			isa = PBXFrameworksBuildPhase;
			buildActionMask = 2147483647;
			files = (
				20A687E02A711C48005F18FA /* FirebaseDatabaseSwift in Frameworks */,
				20A687DC2A711C48005F18FA /* FirebaseCrashlytics in Frameworks */,
				20A687E82A711C48005F18FA /* FirebaseStorage in Frameworks */,
				20A687DA2A711C48005F18FA /* FirebaseAnalyticsSwift in Frameworks */,
				20A687E42A711C48005F18FA /* FirebaseFirestoreSwift in Frameworks */,
				20A687DE2A711C48005F18FA /* FirebaseDatabase in Frameworks */,
				20A687D82A711C48005F18FA /* FirebaseAnalytics in Frameworks */,
				20A687E22A711C48005F18FA /* FirebaseFirestore in Frameworks */,
				20A687E62A711C48005F18FA /* FirebaseRemoteConfig in Frameworks */,
			);
			runOnlyForDeploymentPostprocessing = 0;
		};
/* End PBXFrameworksBuildPhase section */

/* Begin PBXGroup section */
		877403852AB71FD900C94D35 /* Features */ = {
			isa = PBXGroup;
			children = (
				877403862AB71FEB00C94D35 /* TeamSelection */,
				877403872AB7203F00C94D35 /* SongList */,
				8774038A2AB720CB00C94D35 /* SongDetail */,
				877403882AB7207A00C94D35 /* SongSearch */,
				877403892AB7208C00C94D35 /* SongStorage */,
			);
			path = Features;
			sourceTree = "<group>";
		};
		877403862AB71FEB00C94D35 /* TeamSelection */ = {
			isa = PBXGroup;
			children = (
				A81FFC9828F1777B00B0FC7C /* TeamSelectionView.swift */,
				8744D0822AC5FBCC002F1D3A /* TeamSelectionViewModel.swift */,
			);
			path = TeamSelection;
			sourceTree = "<group>";
		};
		877403872AB7203F00C94D35 /* SongList */ = {
			isa = PBXGroup;
			children = (
				F91BE5FC29B18D1E00F7E488 /* MainSongListTabView.swift */,
				F98F8D5C29D85B0C00F9C956 /* RequestSongView.swift */,
				206F9F6C2AD29611004DAD73 /* MainSongListViewModel.swift */,
			);
			path = SongList;
			sourceTree = "<group>";
		};
		877403882AB7207A00C94D35 /* SongSearch */ = {
			isa = PBXGroup;
			children = (
				A81FFC9028F1775000B0FC7C /* SongSearchView.swift */,
				8774038B2ABD2B7700C94D35 /* SongSearchViewModel.swift */,
			);
			path = SongSearch;
			sourceTree = "<group>";
		};
		877403892AB7208C00C94D35 /* SongStorage */ = {
			isa = PBXGroup;
			children = (
				F9E4642229E8089A009E12FC /* ScalingHeaderView.swift */,
				F939EBB929D58FB2005ED8CA /* StorageContentView.swift */,
				F97BE1212AC011B100B37C76 /* SongStorageViewModel.swift */,
			);
			path = SongStorage;
			sourceTree = "<group>";
		};
		8774038A2AB720CB00C94D35 /* SongDetail */ = {
			isa = PBXGroup;
			children = (
				F901907E2B038BC200C9BFF6 /* PlaylistView.swift */,
				F90190802B038BDF00C9BFF6 /* PlaylistViewModel.swift */,
				F90190822B038BFF00C9BFF6 /* SongDetailView.swift */,
				F90190842B038C1600C9BFF6 /* SongDetailViewModel.swift */,
			);
			path = SongDetail;
			sourceTree = "<group>";
		};
		A81FFC6D28F15D9900B0FC7C = {
			isa = PBXGroup;
			children = (
				8764EEEB2ABFEF6A0006F438 /* GoogleService-Info.plist */,
				B2699E0E28F1CB8800267A4F /* Font */,
				A81FFC7828F15D9900B0FC7C /* Halmap */,
				A81FFC7728F15D9900B0FC7C /* Products */,
				F949284D28F2AF9600901F27 /* Recovered References */,
				F9168B2C2A5A979800DCF649 /* Frameworks */,
			);
			sourceTree = "<group>";
		};
		A81FFC7728F15D9900B0FC7C /* Products */ = {
			isa = PBXGroup;
			children = (
				A81FFC7628F15D9900B0FC7C /* Halmap.app */,
			);
			name = Products;
			sourceTree = "<group>";
		};
		A81FFC7828F15D9900B0FC7C /* Halmap */ = {
			isa = PBXGroup;
			children = (
				877403852AB71FD900C94D35 /* Features */,
				A81FFC8E28F1770500B0FC7C /* View */,
				B2699E0B28F1CB5100267A4F /* Info.plist */,
				F98F622729B4C9A80025F50E /* Theme */,
				F9B95BBC28F2733200728048 /* Data */,
				A81FFCA028F1B2E300B0FC7C /* Extensions */,
				A81FFC7928F15D9900B0FC7C /* HalmapApp.swift */,
				A81FFC7B28F15D9900B0FC7C /* ContentView.swift */,
				A81FFC7D28F15D9C00B0FC7C /* Assets.xcassets */,
				A81FFC8028F15D9C00B0FC7C /* Preview Assets.xcassets */,
				A81FFC8228F15D9C00B0FC7C /* Persistence.swift */,
				F9A178252A1C8B01003E8E4C /* PlaylistFilter.swift */,
				A81FFC8428F15D9C00B0FC7C /* Halmap.xcdatamodeld */,
				A81FFC7F28F15D9C00B0FC7C /* Preview Content */,
				F95CE98A2917A8EF00FFE213 /* Settings.bundle */,
				F9168B312A5AA1FB00DCF649 /* HalfModalPresentationController.swift */,
				F941FA7E2A7F78500034F72D /* Launch Screen.storyboard */,
			);
			path = Halmap;
			sourceTree = "<group>";
		};
		A81FFC7F28F15D9C00B0FC7C /* Preview Content */ = {
			isa = PBXGroup;
			children = (
				F9A2DAA52A07DE9A008B84A9 /* Preview Assets.xcassets */,
			);
			path = "Preview Content";
			sourceTree = "<group>";
		};
		A81FFC8E28F1770500B0FC7C /* View */ = {
			isa = PBXGroup;
			children = (
				F95F26C12A4C9BF000B534EB /* Component */,
				EEBC26A528F1CE0400BD5B3D /* CustomTabBar */,
				F91BE5FA29B18AF800F7E488 /* MainTabView.swift */,
				F9A9259F2AA60A5100EF8BC9 /* MainTabViewModel.swift */,
				F9A178212A1BF5CB003E8E4C /* HalfSheetView.swift */,
				F939EBBB29D5920F005ED8CA /* OffsetModifier.swift */,
				F9168B282A5A81AD00DCF649 /* NotificationView.swift */,
				F9DB6D1E2A76744A00B9469D /* LaunchScreenView.swift */,
				8744D0842AC60D22002F1D3A /* OnBoardingStartView.swift */,
			);
			path = View;
			sourceTree = "<group>";
		};
		A81FFCA028F1B2E300B0FC7C /* Extensions */ = {
			isa = PBXGroup;
			children = (
				A81FFCA428F1B84000B0FC7C /* Halmap+Font.swift */,
				A81FFCA628F1B84A00B0FC7C /* Halmap+Color.swift */,
				87F6ECF0291677AC004533C4 /* Halmap+UIApplication.swift */,
				87F6ECF42916B331004533C4 /* Halmap+UINavigationController.swift */,
				87F6ECF62916BB44004533C4 /* Halmap+UIView.swift */,
				F97BE1232AC011DF00B37C76 /* Halmap+CollectedSong.swift */,
			);
			path = Extensions;
			sourceTree = "<group>";
		};
		B2699E0E28F1CB8800267A4F /* Font */ = {
			isa = PBXGroup;
			children = (
				B2699E0C28F1CB7E00267A4F /* Pretendard-Bold.otf */,
				B2699E0F28F1CB9700267A4F /* Pretendard-Medium.otf */,
			);
			path = Font;
			sourceTree = "<group>";
		};
		EEBC26A528F1CE0400BD5B3D /* CustomTabBar */ = {
			isa = PBXGroup;
			children = (
				EEBC269E28F1CAE800BD5B3D /* TabBarItemView.swift */,
				EEBC269F28F1CAE800BD5B3D /* TabBarView.swift */,
			);
			path = CustomTabBar;
			sourceTree = "<group>";
		};
		F9168B2C2A5A979800DCF649 /* Frameworks */ = {
			isa = PBXGroup;
			children = (
			);
			name = Frameworks;
			sourceTree = "<group>";
		};
		F949284D28F2AF9600901F27 /* Recovered References */ = {
			isa = PBXGroup;
			children = (
			);
			name = "Recovered References";
			sourceTree = "<group>";
		};
		F95F26C12A4C9BF000B534EB /* Component */ = {
			isa = PBXGroup;
			children = (
				F9305CA12B102E0600A0F7C9 /* Progressbar.swift */,
				F9305CA32B1038BE00A0F7C9 /* Utility.swift */,
				F949421C2B16044F00075DE1 /* ToastView.swift */,
			);
			path = Component;
			sourceTree = "<group>";
		};
		F98F622729B4C9A80025F50E /* Theme */ = {
			isa = PBXGroup;
			children = (
				F98F622829B4C9BD0025F50E /* Themes.swift */,
				F98F622A29B4CB450025F50E /* ThemeManager.swift */,
			);
			path = Theme;
			sourceTree = "<group>";
		};
		F9B95BBC28F2733200728048 /* Data */ = {
			isa = PBXGroup;
			children = (
				A8D1E92129169DAD00BF242C /* test-song.m4a */,
				F949284E28F2AFB800901F27 /* Music.json */,
				F9B95BB828F271A100728048 /* DataManager.swift */,
				F9B95BBA28F271B800728048 /* Model.swift */,
				F9EB19BD29168336002DFE46 /* Song.swift */,
				F98F623029B59CE60025F50E /* TeamName.swift */,
				F9B3B7B429B7397600232BB8 /* MapName.swift */,
				A8F8BA9829C8CE5B00FCB229 /* AudioManager.swift */,
				F9174B292A2B2F5F00B1CE87 /* SeasonSong.swift */,
				F9168B2A2A5A81BC00DCF649 /* Notification.swift */,
				F9DB6D1C2A763B7400B9469D /* Traffic.swift */,
			);
			path = Data;
			sourceTree = "<group>";
		};
/* End PBXGroup section */

/* Begin PBXNativeTarget section */
		A81FFC7528F15D9900B0FC7C /* Halmap */ = {
			isa = PBXNativeTarget;
			buildConfigurationList = A81FFC8928F15D9C00B0FC7C /* Build configuration list for PBXNativeTarget "Halmap" */;
			buildPhases = (
				A81FFC7228F15D9900B0FC7C /* Sources */,
				A81FFC7328F15D9900B0FC7C /* Frameworks */,
				A81FFC7428F15D9900B0FC7C /* Resources */,
				20A687C62A71138F005F18FA /* ShellScript */,
			);
			buildRules = (
			);
			dependencies = (
			);
			name = Halmap;
			packageProductDependencies = (
				20A687D72A711C48005F18FA /* FirebaseAnalytics */,
				20A687D92A711C48005F18FA /* FirebaseAnalyticsSwift */,
				20A687DB2A711C48005F18FA /* FirebaseCrashlytics */,
				20A687DD2A711C48005F18FA /* FirebaseDatabase */,
				20A687DF2A711C48005F18FA /* FirebaseDatabaseSwift */,
				20A687E12A711C48005F18FA /* FirebaseFirestore */,
				20A687E32A711C48005F18FA /* FirebaseFirestoreSwift */,
				20A687E52A711C48005F18FA /* FirebaseRemoteConfig */,
				20A687E72A711C48005F18FA /* FirebaseStorage */,
			);
			productName = Halmap;
			productReference = A81FFC7628F15D9900B0FC7C /* Halmap.app */;
			productType = "com.apple.product-type.application";
		};
/* End PBXNativeTarget section */

/* Begin PBXProject section */
		A81FFC6E28F15D9900B0FC7C /* Project object */ = {
			isa = PBXProject;
			attributes = {
				BuildIndependentTargetsInParallel = 1;
				LastSwiftUpdateCheck = 1340;
				LastUpgradeCheck = 1340;
				TargetAttributes = {
					A81FFC7528F15D9900B0FC7C = {
						CreatedOnToolsVersion = 13.4.1;
					};
				};
			};
			buildConfigurationList = A81FFC7128F15D9900B0FC7C /* Build configuration list for PBXProject "Halmap" */;
			compatibilityVersion = "Xcode 13.0";
			developmentRegion = en;
			hasScannedForEncodings = 0;
			knownRegions = (
				en,
				Base,
			);
			mainGroup = A81FFC6D28F15D9900B0FC7C;
			packageReferences = (
				20A687D62A711C48005F18FA /* XCRemoteSwiftPackageReference "firebase-ios-sdk" */,
			);
			productRefGroup = A81FFC7728F15D9900B0FC7C /* Products */;
			projectDirPath = "";
			projectRoot = "";
			targets = (
				A81FFC7528F15D9900B0FC7C /* Halmap */,
			);
		};
/* End PBXProject section */

/* Begin PBXResourcesBuildPhase section */
		A81FFC7428F15D9900B0FC7C /* Resources */ = {
			isa = PBXResourcesBuildPhase;
			buildActionMask = 2147483647;
			files = (
				F95CE98B2917A8EF00FFE213 /* Settings.bundle in Resources */,
				F9A2DAA62A07DE9A008B84A9 /* Preview Assets.xcassets in Resources */,
				A81FFC8128F15D9C00B0FC7C /* Preview Assets.xcassets in Resources */,
				B2699E0D28F1CB7E00267A4F /* Pretendard-Bold.otf in Resources */,
				A81FFC7E28F15D9C00B0FC7C /* Assets.xcassets in Resources */,
				B2699E1028F1CB9700267A4F /* Pretendard-Medium.otf in Resources */,
				F949284F28F2AFB800901F27 /* Music.json in Resources */,
				8764EEEC2ABFEF6A0006F438 /* GoogleService-Info.plist in Resources */,
				F941FA7F2A7F78500034F72D /* Launch Screen.storyboard in Resources */,
				A8D1E92229169DAD00BF242C /* test-song.m4a in Resources */,
			);
			runOnlyForDeploymentPostprocessing = 0;
		};
/* End PBXResourcesBuildPhase section */

/* Begin PBXShellScriptBuildPhase section */
		20A687C62A71138F005F18FA /* ShellScript */ = {
			isa = PBXShellScriptBuildPhase;
			buildActionMask = 12;
			files = (
			);
			inputFileListPaths = (
			);
			inputPaths = (
				"${DWARF_DSYM_FOLDER_PATH}/${DWARF_DSYM_FILE_NAME}/Contents/Resources/DWARF/${TARGET_NAME}",
				"$(SRCROOT)/$(BUILT_PRODUCTS_DIR)/$(INFOPLIST_PATH)",
			);
			outputFileListPaths = (
			);
			outputPaths = (
			);
			runOnlyForDeploymentPostprocessing = 0;
			shellPath = /bin/sh;
			shellScript = "# Type a script or drag a script file from your workspace to insert its path.\n\"${BUILD_DIR%/Build/*}/SourcePackages/checkouts/firebase-ios-sdk/Crashlytics/run\"\n";
		};
/* End PBXShellScriptBuildPhase section */

/* Begin PBXSourcesBuildPhase section */
		A81FFC7228F15D9900B0FC7C /* Sources */ = {
			isa = PBXSourcesBuildPhase;
			buildActionMask = 2147483647;
			files = (
				F9EB19C129168E45002DFE46 /* Song.swift in Sources */,
				F949421D2B16044F00075DE1 /* ToastView.swift in Sources */,
				F9A925A02AA60A5100EF8BC9 /* MainTabViewModel.swift in Sources */,
				F9E4642329E8089A009E12FC /* ScalingHeaderView.swift in Sources */,
				A81FFC8328F15D9C00B0FC7C /* Persistence.swift in Sources */,
				EEBC26A128F1CAE900BD5B3D /* TabBarView.swift in Sources */,
				F9DB6D1D2A763B7400B9469D /* Traffic.swift in Sources */,
				87F6ECF1291677AC004533C4 /* Halmap+UIApplication.swift in Sources */,
				F939EBBC29D5920F005ED8CA /* OffsetModifier.swift in Sources */,
				F9A178222A1BF5CB003E8E4C /* HalfSheetView.swift in Sources */,
				87F6ECF52916B331004533C4 /* Halmap+UINavigationController.swift in Sources */,
				A81FFCA528F1B84000B0FC7C /* Halmap+Font.swift in Sources */,
				8774038C2ABD2B7700C94D35 /* SongSearchViewModel.swift in Sources */,
				F98F8D5D29D85B0C00F9C956 /* RequestSongView.swift in Sources */,
				A81FFC7C28F15D9900B0FC7C /* ContentView.swift in Sources */,
				F9305CA42B1038BE00A0F7C9 /* Utility.swift in Sources */,
				A81FFC8628F15D9C00B0FC7C /* Halmap.xcdatamodeld in Sources */,
				F90190812B038BDF00C9BFF6 /* PlaylistViewModel.swift in Sources */,
				87F6ECF72916BB44004533C4 /* Halmap+UIView.swift in Sources */,
				F91BE5FB29B18AF800F7E488 /* MainTabView.swift in Sources */,
				F9B95BB928F271A100728048 /* DataManager.swift in Sources */,
				F9168B292A5A81AD00DCF649 /* NotificationView.swift in Sources */,
				A81FFC9928F1777B00B0FC7C /* TeamSelectionView.swift in Sources */,
				F98F622B29B4CB450025F50E /* ThemeManager.swift in Sources */,
				F9168B2B2A5A81BC00DCF649 /* Notification.swift in Sources */,
				A81FFC9128F1775000B0FC7C /* SongSearchView.swift in Sources */,
				F9DB6D1F2A76744A00B9469D /* LaunchScreenView.swift in Sources */,
				F9174B2A2A2B2F5F00B1CE87 /* SeasonSong.swift in Sources */,
				EEBC26A028F1CAE900BD5B3D /* TabBarItemView.swift in Sources */,
				A81FFCA728F1B84A00B0FC7C /* Halmap+Color.swift in Sources */,
				F98F622929B4C9BD0025F50E /* Themes.swift in Sources */,
				F9305CA22B102E0600A0F7C9 /* Progressbar.swift in Sources */,
				A81FFC7A28F15D9900B0FC7C /* HalmapApp.swift in Sources */,
				F91BE5FD29B18D1E00F7E488 /* MainSongListTabView.swift in Sources */,
				F97BE1222AC011B100B37C76 /* SongStorageViewModel.swift in Sources */,
				8744D0852AC60D22002F1D3A /* OnBoardingStartView.swift in Sources */,
				F939EBBA29D58FB2005ED8CA /* StorageContentView.swift in Sources */,
				F90190832B038BFF00C9BFF6 /* SongDetailView.swift in Sources */,
				F9168B322A5AA1FB00DCF649 /* HalfModalPresentationController.swift in Sources */,
				8744D0832AC5FBCC002F1D3A /* TeamSelectionViewModel.swift in Sources */,
				A8F8BA9929C8CE5B00FCB229 /* AudioManager.swift in Sources */,
				F9B95BBB28F271B800728048 /* Model.swift in Sources */,
				F901907F2B038BC200C9BFF6 /* PlaylistView.swift in Sources */,
				F90190852B038C1600C9BFF6 /* SongDetailViewModel.swift in Sources */,
				F98F623129B59CE60025F50E /* TeamName.swift in Sources */,
				F97BE1242AC011DF00B37C76 /* Halmap+CollectedSong.swift in Sources */,
				F9B3B7B529B7397600232BB8 /* MapName.swift in Sources */,
				206F9F6D2AD29611004DAD73 /* MainSongListViewModel.swift in Sources */,
				F9A178262A1C8B01003E8E4C /* PlaylistFilter.swift in Sources */,
			);
			runOnlyForDeploymentPostprocessing = 0;
		};
/* End PBXSourcesBuildPhase section */

/* Begin XCBuildConfiguration section */
		A81FFC8728F15D9C00B0FC7C /* Debug */ = {
			isa = XCBuildConfiguration;
			buildSettings = {
				ALWAYS_SEARCH_USER_PATHS = NO;
				CLANG_ANALYZER_NONNULL = YES;
				CLANG_ANALYZER_NUMBER_OBJECT_CONVERSION = YES_AGGRESSIVE;
				CLANG_CXX_LANGUAGE_STANDARD = "gnu++17";
				CLANG_ENABLE_MODULES = YES;
				CLANG_ENABLE_OBJC_ARC = YES;
				CLANG_ENABLE_OBJC_WEAK = YES;
				CLANG_WARN_BLOCK_CAPTURE_AUTORELEASING = YES;
				CLANG_WARN_BOOL_CONVERSION = YES;
				CLANG_WARN_COMMA = YES;
				CLANG_WARN_CONSTANT_CONVERSION = YES;
				CLANG_WARN_DEPRECATED_OBJC_IMPLEMENTATIONS = YES;
				CLANG_WARN_DIRECT_OBJC_ISA_USAGE = YES_ERROR;
				CLANG_WARN_DOCUMENTATION_COMMENTS = YES;
				CLANG_WARN_EMPTY_BODY = YES;
				CLANG_WARN_ENUM_CONVERSION = YES;
				CLANG_WARN_INFINITE_RECURSION = YES;
				CLANG_WARN_INT_CONVERSION = YES;
				CLANG_WARN_NON_LITERAL_NULL_CONVERSION = YES;
				CLANG_WARN_OBJC_IMPLICIT_RETAIN_SELF = YES;
				CLANG_WARN_OBJC_LITERAL_CONVERSION = YES;
				CLANG_WARN_OBJC_ROOT_CLASS = YES_ERROR;
				CLANG_WARN_QUOTED_INCLUDE_IN_FRAMEWORK_HEADER = YES;
				CLANG_WARN_RANGE_LOOP_ANALYSIS = YES;
				CLANG_WARN_STRICT_PROTOTYPES = YES;
				CLANG_WARN_SUSPICIOUS_MOVE = YES;
				CLANG_WARN_UNGUARDED_AVAILABILITY = YES_AGGRESSIVE;
				CLANG_WARN_UNREACHABLE_CODE = YES;
				CLANG_WARN__DUPLICATE_METHOD_MATCH = YES;
				COPY_PHASE_STRIP = NO;
				DEBUG_INFORMATION_FORMAT = dwarf;
				ENABLE_STRICT_OBJC_MSGSEND = YES;
				ENABLE_TESTABILITY = YES;
				GCC_C_LANGUAGE_STANDARD = gnu11;
				GCC_DYNAMIC_NO_PIC = NO;
				GCC_NO_COMMON_BLOCKS = YES;
				GCC_OPTIMIZATION_LEVEL = 0;
				GCC_PREPROCESSOR_DEFINITIONS = (
					"DEBUG=1",
					"$(inherited)",
				);
				GCC_WARN_64_TO_32_BIT_CONVERSION = YES;
				GCC_WARN_ABOUT_RETURN_TYPE = YES_ERROR;
				GCC_WARN_UNDECLARED_SELECTOR = YES;
				GCC_WARN_UNINITIALIZED_AUTOS = YES_AGGRESSIVE;
				GCC_WARN_UNUSED_FUNCTION = YES;
				GCC_WARN_UNUSED_VARIABLE = YES;
				IPHONEOS_DEPLOYMENT_TARGET = 15.5;
				MTL_ENABLE_DEBUG_INFO = INCLUDE_SOURCE;
				MTL_FAST_MATH = YES;
				ONLY_ACTIVE_ARCH = YES;
				SDKROOT = iphoneos;
				SWIFT_ACTIVE_COMPILATION_CONDITIONS = DEBUG;
				SWIFT_OPTIMIZATION_LEVEL = "-Onone";
			};
			name = Debug;
		};
		A81FFC8828F15D9C00B0FC7C /* Release */ = {
			isa = XCBuildConfiguration;
			buildSettings = {
				ALWAYS_SEARCH_USER_PATHS = NO;
				CLANG_ANALYZER_NONNULL = YES;
				CLANG_ANALYZER_NUMBER_OBJECT_CONVERSION = YES_AGGRESSIVE;
				CLANG_CXX_LANGUAGE_STANDARD = "gnu++17";
				CLANG_ENABLE_MODULES = YES;
				CLANG_ENABLE_OBJC_ARC = YES;
				CLANG_ENABLE_OBJC_WEAK = YES;
				CLANG_WARN_BLOCK_CAPTURE_AUTORELEASING = YES;
				CLANG_WARN_BOOL_CONVERSION = YES;
				CLANG_WARN_COMMA = YES;
				CLANG_WARN_CONSTANT_CONVERSION = YES;
				CLANG_WARN_DEPRECATED_OBJC_IMPLEMENTATIONS = YES;
				CLANG_WARN_DIRECT_OBJC_ISA_USAGE = YES_ERROR;
				CLANG_WARN_DOCUMENTATION_COMMENTS = YES;
				CLANG_WARN_EMPTY_BODY = YES;
				CLANG_WARN_ENUM_CONVERSION = YES;
				CLANG_WARN_INFINITE_RECURSION = YES;
				CLANG_WARN_INT_CONVERSION = YES;
				CLANG_WARN_NON_LITERAL_NULL_CONVERSION = YES;
				CLANG_WARN_OBJC_IMPLICIT_RETAIN_SELF = YES;
				CLANG_WARN_OBJC_LITERAL_CONVERSION = YES;
				CLANG_WARN_OBJC_ROOT_CLASS = YES_ERROR;
				CLANG_WARN_QUOTED_INCLUDE_IN_FRAMEWORK_HEADER = YES;
				CLANG_WARN_RANGE_LOOP_ANALYSIS = YES;
				CLANG_WARN_STRICT_PROTOTYPES = YES;
				CLANG_WARN_SUSPICIOUS_MOVE = YES;
				CLANG_WARN_UNGUARDED_AVAILABILITY = YES_AGGRESSIVE;
				CLANG_WARN_UNREACHABLE_CODE = YES;
				CLANG_WARN__DUPLICATE_METHOD_MATCH = YES;
				COPY_PHASE_STRIP = NO;
				DEBUG_INFORMATION_FORMAT = "dwarf-with-dsym";
				ENABLE_NS_ASSERTIONS = NO;
				ENABLE_STRICT_OBJC_MSGSEND = YES;
				GCC_C_LANGUAGE_STANDARD = gnu11;
				GCC_NO_COMMON_BLOCKS = YES;
				GCC_WARN_64_TO_32_BIT_CONVERSION = YES;
				GCC_WARN_ABOUT_RETURN_TYPE = YES_ERROR;
				GCC_WARN_UNDECLARED_SELECTOR = YES;
				GCC_WARN_UNINITIALIZED_AUTOS = YES_AGGRESSIVE;
				GCC_WARN_UNUSED_FUNCTION = YES;
				GCC_WARN_UNUSED_VARIABLE = YES;
				IPHONEOS_DEPLOYMENT_TARGET = 15.5;
				MTL_ENABLE_DEBUG_INFO = NO;
				MTL_FAST_MATH = YES;
				SDKROOT = iphoneos;
				SWIFT_COMPILATION_MODE = wholemodule;
				SWIFT_OPTIMIZATION_LEVEL = "-O";
				VALIDATE_PRODUCT = YES;
			};
			name = Release;
		};
		A81FFC8A28F15D9C00B0FC7C /* Debug */ = {
			isa = XCBuildConfiguration;
			buildSettings = {
				ASSETCATALOG_COMPILER_APPICON_NAME = AppIcon;
				ASSETCATALOG_COMPILER_GLOBAL_ACCENT_COLOR_NAME = AccentColor;
				CODE_SIGN_IDENTITY = "Apple Development";
				"CODE_SIGN_IDENTITY[sdk=iphoneos*]" = "iPhone Developer";
				CODE_SIGN_STYLE = Manual;
				CURRENT_PROJECT_VERSION = 1;
				DEBUG_INFORMATION_FORMAT = "dwarf-with-dsym";
				DEVELOPMENT_ASSET_PATHS = "\"Halmap/Preview Content\"";
				DEVELOPMENT_TEAM = "";
				"DEVELOPMENT_TEAM[sdk=iphoneos*]" = Y6P5ZFWBM8;
				ENABLE_PREVIEWS = YES;
				GENERATE_INFOPLIST_FILE = YES;
				INFOPLIST_FILE = Halmap/Info.plist;
				INFOPLIST_KEY_CFBundleDisplayName = "모두의 야구";
				INFOPLIST_KEY_UIApplicationSceneManifest_Generation = YES;
				INFOPLIST_KEY_UIApplicationSupportsIndirectInputEvents = YES;
				INFOPLIST_KEY_UISupportedInterfaceOrientations = UIInterfaceOrientationPortrait;
				INFOPLIST_KEY_UIUserInterfaceStyle = Light;
				IPHONEOS_DEPLOYMENT_TARGET = 15.0;
				LD_RUNPATH_SEARCH_PATHS = (
					"$(inherited)",
					"@executable_path/Frameworks",
				);
				MARKETING_VERSION = 1.4.2;
				PRODUCT_BUNDLE_IDENTIFIER = com.Gwamegis.Halmap;
				PRODUCT_NAME = "$(TARGET_NAME)";
				PROVISIONING_PROFILE_SPECIFIER = "";
				"PROVISIONING_PROFILE_SPECIFIER[sdk=iphoneos*]" = moya_dev;
				SUPPORTED_PLATFORMS = "iphoneos iphonesimulator";
				SUPPORTS_MACCATALYST = NO;
				SUPPORTS_MAC_DESIGNED_FOR_IPHONE_IPAD = NO;
				SWIFT_EMIT_LOC_STRINGS = YES;
				SWIFT_VERSION = 5.0;
				TARGETED_DEVICE_FAMILY = 1;
			};
			name = Debug;
		};
		A81FFC8B28F15D9C00B0FC7C /* Release */ = {
			isa = XCBuildConfiguration;
			buildSettings = {
				ASSETCATALOG_COMPILER_APPICON_NAME = AppIcon;
				ASSETCATALOG_COMPILER_GLOBAL_ACCENT_COLOR_NAME = AccentColor;
				CODE_SIGN_IDENTITY = "Apple Development";
				"CODE_SIGN_IDENTITY[sdk=iphoneos*]" = "iPhone Developer";
				CODE_SIGN_STYLE = Manual;
				CURRENT_PROJECT_VERSION = 1;
				DEVELOPMENT_ASSET_PATHS = "\"Halmap/Preview Content\"";
				DEVELOPMENT_TEAM = "";
				"DEVELOPMENT_TEAM[sdk=iphoneos*]" = Y6P5ZFWBM8;
				ENABLE_PREVIEWS = YES;
				GENERATE_INFOPLIST_FILE = YES;
				INFOPLIST_FILE = Halmap/Info.plist;
				INFOPLIST_KEY_CFBundleDisplayName = "모두의 야구";
				INFOPLIST_KEY_UIApplicationSceneManifest_Generation = YES;
				INFOPLIST_KEY_UIApplicationSupportsIndirectInputEvents = YES;
				INFOPLIST_KEY_UISupportedInterfaceOrientations = UIInterfaceOrientationPortrait;
				INFOPLIST_KEY_UIUserInterfaceStyle = Light;
				IPHONEOS_DEPLOYMENT_TARGET = 15.0;
				LD_RUNPATH_SEARCH_PATHS = (
					"$(inherited)",
					"@executable_path/Frameworks",
				);
				MARKETING_VERSION = 1.4.2;
				PRODUCT_BUNDLE_IDENTIFIER = com.Gwamegis.Halmap;
				PRODUCT_NAME = "$(TARGET_NAME)";
				PROVISIONING_PROFILE_SPECIFIER = "";
				"PROVISIONING_PROFILE_SPECIFIER[sdk=iphoneos*]" = moya_dev;
				SUPPORTED_PLATFORMS = "iphoneos iphonesimulator";
				SUPPORTS_MACCATALYST = NO;
				SUPPORTS_MAC_DESIGNED_FOR_IPHONE_IPAD = NO;
				SWIFT_EMIT_LOC_STRINGS = YES;
				SWIFT_VERSION = 5.0;
				TARGETED_DEVICE_FAMILY = 1;
			};
			name = Release;
		};
/* End XCBuildConfiguration section */

/* Begin XCConfigurationList section */
		A81FFC7128F15D9900B0FC7C /* Build configuration list for PBXProject "Halmap" */ = {
			isa = XCConfigurationList;
			buildConfigurations = (
				A81FFC8728F15D9C00B0FC7C /* Debug */,
				A81FFC8828F15D9C00B0FC7C /* Release */,
			);
			defaultConfigurationIsVisible = 0;
			defaultConfigurationName = Release;
		};
		A81FFC8928F15D9C00B0FC7C /* Build configuration list for PBXNativeTarget "Halmap" */ = {
			isa = XCConfigurationList;
			buildConfigurations = (
				A81FFC8A28F15D9C00B0FC7C /* Debug */,
				A81FFC8B28F15D9C00B0FC7C /* Release */,
			);
			defaultConfigurationIsVisible = 0;
			defaultConfigurationName = Release;
		};
/* End XCConfigurationList section */

/* Begin XCRemoteSwiftPackageReference section */
		20A687D62A711C48005F18FA /* XCRemoteSwiftPackageReference "firebase-ios-sdk" */ = {
			isa = XCRemoteSwiftPackageReference;
			repositoryURL = "https://github.com/firebase/firebase-ios-sdk.git";
			requirement = {
				kind = upToNextMajorVersion;
				minimumVersion = 10.0.0;
			};
		};
/* End XCRemoteSwiftPackageReference section */

/* Begin XCSwiftPackageProductDependency section */
		20A687D72A711C48005F18FA /* FirebaseAnalytics */ = {
			isa = XCSwiftPackageProductDependency;
			package = 20A687D62A711C48005F18FA /* XCRemoteSwiftPackageReference "firebase-ios-sdk" */;
			productName = FirebaseAnalytics;
		};
		20A687D92A711C48005F18FA /* FirebaseAnalyticsSwift */ = {
			isa = XCSwiftPackageProductDependency;
			package = 20A687D62A711C48005F18FA /* XCRemoteSwiftPackageReference "firebase-ios-sdk" */;
			productName = FirebaseAnalyticsSwift;
		};
		20A687DB2A711C48005F18FA /* FirebaseCrashlytics */ = {
			isa = XCSwiftPackageProductDependency;
			package = 20A687D62A711C48005F18FA /* XCRemoteSwiftPackageReference "firebase-ios-sdk" */;
			productName = FirebaseCrashlytics;
		};
		20A687DD2A711C48005F18FA /* FirebaseDatabase */ = {
			isa = XCSwiftPackageProductDependency;
			package = 20A687D62A711C48005F18FA /* XCRemoteSwiftPackageReference "firebase-ios-sdk" */;
			productName = FirebaseDatabase;
		};
		20A687DF2A711C48005F18FA /* FirebaseDatabaseSwift */ = {
			isa = XCSwiftPackageProductDependency;
			package = 20A687D62A711C48005F18FA /* XCRemoteSwiftPackageReference "firebase-ios-sdk" */;
			productName = FirebaseDatabaseSwift;
		};
		20A687E12A711C48005F18FA /* FirebaseFirestore */ = {
			isa = XCSwiftPackageProductDependency;
			package = 20A687D62A711C48005F18FA /* XCRemoteSwiftPackageReference "firebase-ios-sdk" */;
			productName = FirebaseFirestore;
		};
		20A687E32A711C48005F18FA /* FirebaseFirestoreSwift */ = {
			isa = XCSwiftPackageProductDependency;
			package = 20A687D62A711C48005F18FA /* XCRemoteSwiftPackageReference "firebase-ios-sdk" */;
			productName = FirebaseFirestoreSwift;
		};
		20A687E52A711C48005F18FA /* FirebaseRemoteConfig */ = {
			isa = XCSwiftPackageProductDependency;
			package = 20A687D62A711C48005F18FA /* XCRemoteSwiftPackageReference "firebase-ios-sdk" */;
			productName = FirebaseRemoteConfig;
		};
		20A687E72A711C48005F18FA /* FirebaseStorage */ = {
			isa = XCSwiftPackageProductDependency;
			package = 20A687D62A711C48005F18FA /* XCRemoteSwiftPackageReference "firebase-ios-sdk" */;
			productName = FirebaseStorage;
		};
/* End XCSwiftPackageProductDependency section */

/* Begin XCVersionGroup section */
		A81FFC8428F15D9C00B0FC7C /* Halmap.xcdatamodeld */ = {
			isa = XCVersionGroup;
			children = (
				A81FFC8528F15D9C00B0FC7C /* Halmap.xcdatamodel */,
			);
			currentVersion = A81FFC8528F15D9C00B0FC7C /* Halmap.xcdatamodel */;
			path = Halmap.xcdatamodeld;
			sourceTree = "<group>";
			versionGroupType = wrapper.xcdatamodel;
		};
/* End XCVersionGroup section */
	};
	rootObject = A81FFC6E28F15D9900B0FC7C /* Project object */;
}
